// !$*UTF8*$!
{
	archiveVersion = 1;
	classes = {
	};
	objectVersion = 51;
	objects = {

/* Begin PBXBuildFile section */
		1C016867CDB7A183FCBE637F /* Pods_Leland_Speech_and_Debate_App.framework in Frameworks */ = {isa = PBXBuildFile; fileRef = 07BE5E763E14BFA7AD8B168D /* Pods_Leland_Speech_and_Debate_App.framework */; };
		38A9D7F076E6128BCC9EF98B /* Pods_Leland_Speech_and_Debate_AppUITests.framework in Frameworks */ = {isa = PBXBuildFile; fileRef = 7834461DAA336B8A3CF94F72 /* Pods_Leland_Speech_and_Debate_AppUITests.framework */; };
		49B010BA52F211678846D5CE /* Pods_Leland_Speech_and_Debate_AppTests.framework in Frameworks */ = {isa = PBXBuildFile; fileRef = FF1386A76BC8A00F54925A0B /* Pods_Leland_Speech_and_Debate_AppTests.framework */; };
		E62703BA24B277B400834D52 /* ScrollCollectionViewCell.swift in Sources */ = {isa = PBXBuildFile; fileRef = E62703B924B277B300834D52 /* ScrollCollectionViewCell.swift */; };
		E62703BB24B277B400834D52 /* ScrollCollectionViewCell.swift in Sources */ = {isa = PBXBuildFile; fileRef = E62703B924B277B300834D52 /* ScrollCollectionViewCell.swift */; };
		E62703BC24B277B400834D52 /* ScrollCollectionViewCell.swift in Sources */ = {isa = PBXBuildFile; fileRef = E62703B924B277B300834D52 /* ScrollCollectionViewCell.swift */; };
		E6389F6524B1C7A7006ADDD4 /* scrollCollectionViewController.swift in Sources */ = {isa = PBXBuildFile; fileRef = E6389F6424B1C7A7006ADDD4 /* scrollCollectionViewController.swift */; };
		E681D4BC24AFD9A200447BC5 /* OurMissionPageController.swift in Sources */ = {isa = PBXBuildFile; fileRef = E681D4BB24AFD9A200447BC5 /* OurMissionPageController.swift */; };
		E681D4BD24AFD9A200447BC5 /* OurMissionPageController.swift in Sources */ = {isa = PBXBuildFile; fileRef = E681D4BB24AFD9A200447BC5 /* OurMissionPageController.swift */; };
		E681D4BE24AFD9A200447BC5 /* OurMissionPageController.swift in Sources */ = {isa = PBXBuildFile; fileRef = E681D4BB24AFD9A200447BC5 /* OurMissionPageController.swift */; };
		E681D51F24B02EC500447BC5 /* Our Mission.png in Resources */ = {isa = PBXBuildFile; fileRef = E681D4E824B02EC500447BC5 /* Our Mission.png */; };
		E681D52024B02EC500447BC5 /* Our Mission.png in Resources */ = {isa = PBXBuildFile; fileRef = E681D4E824B02EC500447BC5 /* Our Mission.png */; };
		E681D52124B02EC500447BC5 /* Our Mission.png in Resources */ = {isa = PBXBuildFile; fileRef = E681D4E824B02EC500447BC5 /* Our Mission.png */; };
		E681D52224B02EC500447BC5 /* Component 2 – 1@2x.png in Resources */ = {isa = PBXBuildFile; fileRef = E681D4E924B02EC500447BC5 /* Component 2 – 1@2x.png */; };
		E681D52324B02EC500447BC5 /* Component 2 – 1@2x.png in Resources */ = {isa = PBXBuildFile; fileRef = E681D4E924B02EC500447BC5 /* Component 2 – 1@2x.png */; };
		E681D52424B02EC500447BC5 /* Component 2 – 1@2x.png in Resources */ = {isa = PBXBuildFile; fileRef = E681D4E924B02EC500447BC5 /* Component 2 – 1@2x.png */; };
		E681D52524B02EC500447BC5 /* Tournament button@2x.png in Resources */ = {isa = PBXBuildFile; fileRef = E681D4EA24B02EC500447BC5 /* Tournament button@2x.png */; };
		E681D52624B02EC500447BC5 /* Tournament button@2x.png in Resources */ = {isa = PBXBuildFile; fileRef = E681D4EA24B02EC500447BC5 /* Tournament button@2x.png */; };
		E681D52724B02EC500447BC5 /* Tournament button@2x.png in Resources */ = {isa = PBXBuildFile; fileRef = E681D4EA24B02EC500447BC5 /* Tournament button@2x.png */; };
		E681D52824B02EC500447BC5 /* Tournament button@3x.png in Resources */ = {isa = PBXBuildFile; fileRef = E681D4EB24B02EC500447BC5 /* Tournament button@3x.png */; };
		E681D52924B02EC500447BC5 /* Tournament button@3x.png in Resources */ = {isa = PBXBuildFile; fileRef = E681D4EB24B02EC500447BC5 /* Tournament button@3x.png */; };
		E681D52A24B02EC500447BC5 /* Tournament button@3x.png in Resources */ = {isa = PBXBuildFile; fileRef = E681D4EB24B02EC500447BC5 /* Tournament button@3x.png */; };
		E681D52B24B02EC500447BC5 /* Component 2 – 1@3x.png in Resources */ = {isa = PBXBuildFile; fileRef = E681D4EC24B02EC500447BC5 /* Component 2 – 1@3x.png */; };
		E681D52C24B02EC500447BC5 /* Component 2 – 1@3x.png in Resources */ = {isa = PBXBuildFile; fileRef = E681D4EC24B02EC500447BC5 /* Component 2 – 1@3x.png */; };
		E681D52D24B02EC500447BC5 /* Component 2 – 1@3x.png in Resources */ = {isa = PBXBuildFile; fileRef = E681D4EC24B02EC500447BC5 /* Component 2 – 1@3x.png */; };
		E681D52E24B02EC500447BC5 /* Drop Down Meenu.png in Resources */ = {isa = PBXBuildFile; fileRef = E681D4ED24B02EC500447BC5 /* Drop Down Meenu.png */; };
		E681D52F24B02EC500447BC5 /* Drop Down Meenu.png in Resources */ = {isa = PBXBuildFile; fileRef = E681D4ED24B02EC500447BC5 /* Drop Down Meenu.png */; };
		E681D53024B02EC500447BC5 /* Drop Down Meenu.png in Resources */ = {isa = PBXBuildFile; fileRef = E681D4ED24B02EC500447BC5 /* Drop Down Meenu.png */; };
		E681D53124B02EC500447BC5 /* Saint Francis Invitational Title.png in Resources */ = {isa = PBXBuildFile; fileRef = E681D4EE24B02EC500447BC5 /* Saint Francis Invitational Title.png */; };
		E681D53224B02EC500447BC5 /* Saint Francis Invitational Title.png in Resources */ = {isa = PBXBuildFile; fileRef = E681D4EE24B02EC500447BC5 /* Saint Francis Invitational Title.png */; };
		E681D53324B02EC500447BC5 /* Saint Francis Invitational Title.png in Resources */ = {isa = PBXBuildFile; fileRef = E681D4EE24B02EC500447BC5 /* Saint Francis Invitational Title.png */; };
		E681D53424B02EC500447BC5 /* #1 Team in the nation.png in Resources */ = {isa = PBXBuildFile; fileRef = E681D4EF24B02EC500447BC5 /* #1 Team in the nation.png */; };
		E681D53524B02EC500447BC5 /* #1 Team in the nation.png in Resources */ = {isa = PBXBuildFile; fileRef = E681D4EF24B02EC500447BC5 /* #1 Team in the nation.png */; };
		E681D53624B02EC500447BC5 /* #1 Team in the nation.png in Resources */ = {isa = PBXBuildFile; fileRef = E681D4EF24B02EC500447BC5 /* #1 Team in the nation.png */; };
		E681D53A24B02EC500447BC5 /* Information Button.png in Resources */ = {isa = PBXBuildFile; fileRef = E681D4F124B02EC500447BC5 /* Information Button.png */; };
		E681D53B24B02EC500447BC5 /* Information Button.png in Resources */ = {isa = PBXBuildFile; fileRef = E681D4F124B02EC500447BC5 /* Information Button.png */; };
		E681D53C24B02EC500447BC5 /* Information Button.png in Resources */ = {isa = PBXBuildFile; fileRef = E681D4F124B02EC500447BC5 /* Information Button.png */; };
		E681D54024B02EC500447BC5 /* Our Mission@3x.png in Resources */ = {isa = PBXBuildFile; fileRef = E681D4F324B02EC500447BC5 /* Our Mission@3x.png */; };
		E681D54124B02EC500447BC5 /* Our Mission@3x.png in Resources */ = {isa = PBXBuildFile; fileRef = E681D4F324B02EC500447BC5 /* Our Mission@3x.png */; };
		E681D54224B02EC500447BC5 /* Our Mission@3x.png in Resources */ = {isa = PBXBuildFile; fileRef = E681D4F324B02EC500447BC5 /* Our Mission@3x.png */; };
		E681D54324B02EC500447BC5 /* Tournament Info Label@3x.png in Resources */ = {isa = PBXBuildFile; fileRef = E681D4F424B02EC500447BC5 /* Tournament Info Label@3x.png */; };
		E681D54424B02EC500447BC5 /* Tournament Info Label@3x.png in Resources */ = {isa = PBXBuildFile; fileRef = E681D4F424B02EC500447BC5 /* Tournament Info Label@3x.png */; };
		E681D54524B02EC500447BC5 /* Tournament Info Label@3x.png in Resources */ = {isa = PBXBuildFile; fileRef = E681D4F424B02EC500447BC5 /* Tournament Info Label@3x.png */; };
		E681D54624B02EC500447BC5 /* Events.png in Resources */ = {isa = PBXBuildFile; fileRef = E681D4F524B02EC500447BC5 /* Events.png */; };
		E681D54724B02EC500447BC5 /* Events.png in Resources */ = {isa = PBXBuildFile; fileRef = E681D4F524B02EC500447BC5 /* Events.png */; };
		E681D54824B02EC500447BC5 /* Events.png in Resources */ = {isa = PBXBuildFile; fileRef = E681D4F524B02EC500447BC5 /* Events.png */; };
		E681D54924B02EC500447BC5 /* Tournament Info Label@2x.png in Resources */ = {isa = PBXBuildFile; fileRef = E681D4F624B02EC500447BC5 /* Tournament Info Label@2x.png */; };
		E681D54A24B02EC500447BC5 /* Tournament Info Label@2x.png in Resources */ = {isa = PBXBuildFile; fileRef = E681D4F624B02EC500447BC5 /* Tournament Info Label@2x.png */; };
		E681D54B24B02EC500447BC5 /* Tournament Info Label@2x.png in Resources */ = {isa = PBXBuildFile; fileRef = E681D4F624B02EC500447BC5 /* Tournament Info Label@2x.png */; };
		E681D54C24B02EC500447BC5 /* Our Mission@2x.png in Resources */ = {isa = PBXBuildFile; fileRef = E681D4F724B02EC500447BC5 /* Our Mission@2x.png */; };
		E681D54D24B02EC500447BC5 /* Our Mission@2x.png in Resources */ = {isa = PBXBuildFile; fileRef = E681D4F724B02EC500447BC5 /* Our Mission@2x.png */; };
		E681D54E24B02EC500447BC5 /* Our Mission@2x.png in Resources */ = {isa = PBXBuildFile; fileRef = E681D4F724B02EC500447BC5 /* Our Mission@2x.png */; };
		E681D55324B02EC500447BC5 /* GoogleService-Info.plist in Resources */ = {isa = PBXBuildFile; fileRef = E681D4F924B02EC500447BC5 /* GoogleService-Info.plist */; };
		E681D55424B02EC500447BC5 /* GoogleService-Info.plist in Resources */ = {isa = PBXBuildFile; fileRef = E681D4F924B02EC500447BC5 /* GoogleService-Info.plist */; };
		E681D55524B02EC500447BC5 /* Background for Tournaments.png in Resources */ = {isa = PBXBuildFile; fileRef = E681D4FA24B02EC500447BC5 /* Background for Tournaments.png */; };
		E681D55624B02EC500447BC5 /* Background for Tournaments.png in Resources */ = {isa = PBXBuildFile; fileRef = E681D4FA24B02EC500447BC5 /* Background for Tournaments.png */; };
		E681D55724B02EC500447BC5 /* Background for Tournaments.png in Resources */ = {isa = PBXBuildFile; fileRef = E681D4FA24B02EC500447BC5 /* Background for Tournaments.png */; };
		E681D55824B02EC500447BC5 /* Tournament button.png in Resources */ = {isa = PBXBuildFile; fileRef = E681D4FB24B02EC500447BC5 /* Tournament button.png */; };
		E681D55924B02EC500447BC5 /* Tournament button.png in Resources */ = {isa = PBXBuildFile; fileRef = E681D4FB24B02EC500447BC5 /* Tournament button.png */; };
		E681D55A24B02EC500447BC5 /* Tournament button.png in Resources */ = {isa = PBXBuildFile; fileRef = E681D4FB24B02EC500447BC5 /* Tournament button.png */; };
		E681D55B24B02EC500447BC5 /* Saint Francis Invitational.png in Resources */ = {isa = PBXBuildFile; fileRef = E681D4FC24B02EC500447BC5 /* Saint Francis Invitational.png */; };
		E681D55C24B02EC500447BC5 /* Saint Francis Invitational.png in Resources */ = {isa = PBXBuildFile; fileRef = E681D4FC24B02EC500447BC5 /* Saint Francis Invitational.png */; };
		E681D55D24B02EC500447BC5 /* Saint Francis Invitational.png in Resources */ = {isa = PBXBuildFile; fileRef = E681D4FC24B02EC500447BC5 /* Saint Francis Invitational.png */; };
		E681D56124B02EC500447BC5 /* First Menu Button.png in Resources */ = {isa = PBXBuildFile; fileRef = E681D4FE24B02EC500447BC5 /* First Menu Button.png */; };
		E681D56224B02EC500447BC5 /* First Menu Button.png in Resources */ = {isa = PBXBuildFile; fileRef = E681D4FE24B02EC500447BC5 /* First Menu Button.png */; };
		E681D56324B02EC500447BC5 /* First Menu Button.png in Resources */ = {isa = PBXBuildFile; fileRef = E681D4FE24B02EC500447BC5 /* First Menu Button.png */; };
		E681D56424B02EC500447BC5 /* Back Button@2x.png in Resources */ = {isa = PBXBuildFile; fileRef = E681D4FF24B02EC500447BC5 /* Back Button@2x.png */; };
		E681D56524B02EC500447BC5 /* Back Button@2x.png in Resources */ = {isa = PBXBuildFile; fileRef = E681D4FF24B02EC500447BC5 /* Back Button@2x.png */; };
		E681D56624B02EC500447BC5 /* Back Button@2x.png in Resources */ = {isa = PBXBuildFile; fileRef = E681D4FF24B02EC500447BC5 /* Back Button@2x.png */; };
		E681D56724B02EC500447BC5 /* Saint Francis Invitational Title@2x.png in Resources */ = {isa = PBXBuildFile; fileRef = E681D50024B02EC500447BC5 /* Saint Francis Invitational Title@2x.png */; };
		E681D56824B02EC500447BC5 /* Saint Francis Invitational Title@2x.png in Resources */ = {isa = PBXBuildFile; fileRef = E681D50024B02EC500447BC5 /* Saint Francis Invitational Title@2x.png */; };
		E681D56924B02EC500447BC5 /* Saint Francis Invitational Title@2x.png in Resources */ = {isa = PBXBuildFile; fileRef = E681D50024B02EC500447BC5 /* Saint Francis Invitational Title@2x.png */; };
		E681D56A24B02EC500447BC5 /* Second Menu Button@2x.png in Resources */ = {isa = PBXBuildFile; fileRef = E681D50124B02EC500447BC5 /* Second Menu Button@2x.png */; };
		E681D56B24B02EC500447BC5 /* Second Menu Button@2x.png in Resources */ = {isa = PBXBuildFile; fileRef = E681D50124B02EC500447BC5 /* Second Menu Button@2x.png */; };
		E681D56C24B02EC500447BC5 /* Second Menu Button@2x.png in Resources */ = {isa = PBXBuildFile; fileRef = E681D50124B02EC500447BC5 /* Second Menu Button@2x.png */; };
		E681D56D24B02EC500447BC5 /* Tabroom.png in Resources */ = {isa = PBXBuildFile; fileRef = E681D50224B02EC500447BC5 /* Tabroom.png */; };
		E681D56E24B02EC500447BC5 /* Tabroom.png in Resources */ = {isa = PBXBuildFile; fileRef = E681D50224B02EC500447BC5 /* Tabroom.png */; };
		E681D56F24B02EC500447BC5 /* Tabroom.png in Resources */ = {isa = PBXBuildFile; fileRef = E681D50224B02EC500447BC5 /* Tabroom.png */; };
		E681D57024B02EC500447BC5 /* First Menu Button@3x.png in Resources */ = {isa = PBXBuildFile; fileRef = E681D50324B02EC500447BC5 /* First Menu Button@3x.png */; };
		E681D57124B02EC500447BC5 /* First Menu Button@3x.png in Resources */ = {isa = PBXBuildFile; fileRef = E681D50324B02EC500447BC5 /* First Menu Button@3x.png */; };
		E681D57224B02EC500447BC5 /* First Menu Button@3x.png in Resources */ = {isa = PBXBuildFile; fileRef = E681D50324B02EC500447BC5 /* First Menu Button@3x.png */; };
		E681D57324B02EC500447BC5 /* Logo@3x.png in Resources */ = {isa = PBXBuildFile; fileRef = E681D50424B02EC500447BC5 /* Logo@3x.png */; };
		E681D57424B02EC500447BC5 /* Logo@3x.png in Resources */ = {isa = PBXBuildFile; fileRef = E681D50424B02EC500447BC5 /* Logo@3x.png */; };
		E681D57524B02EC500447BC5 /* Logo@3x.png in Resources */ = {isa = PBXBuildFile; fileRef = E681D50424B02EC500447BC5 /* Logo@3x.png */; };
		E681D57624B02EC500447BC5 /* Tournament Info Label.png in Resources */ = {isa = PBXBuildFile; fileRef = E681D50524B02EC500447BC5 /* Tournament Info Label.png */; };
		E681D57724B02EC500447BC5 /* Tournament Info Label.png in Resources */ = {isa = PBXBuildFile; fileRef = E681D50524B02EC500447BC5 /* Tournament Info Label.png */; };
		E681D57824B02EC500447BC5 /* Tournament Info Label.png in Resources */ = {isa = PBXBuildFile; fileRef = E681D50524B02EC500447BC5 /* Tournament Info Label.png */; };
		E681D57924B02EC500447BC5 /* Logo.png in Resources */ = {isa = PBXBuildFile; fileRef = E681D50624B02EC500447BC5 /* Logo.png */; };
		E681D57A24B02EC500447BC5 /* Logo.png in Resources */ = {isa = PBXBuildFile; fileRef = E681D50624B02EC500447BC5 /* Logo.png */; };
		E681D57B24B02EC500447BC5 /* Logo.png in Resources */ = {isa = PBXBuildFile; fileRef = E681D50624B02EC500447BC5 /* Logo.png */; };
		E681D57C24B02EC500447BC5 /* Component 2 – 1.png in Resources */ = {isa = PBXBuildFile; fileRef = E681D50724B02EC500447BC5 /* Component 2 – 1.png */; };
		E681D57D24B02EC500447BC5 /* Component 2 – 1.png in Resources */ = {isa = PBXBuildFile; fileRef = E681D50724B02EC500447BC5 /* Component 2 – 1.png */; };
		E681D57E24B02EC500447BC5 /* Component 2 – 1.png in Resources */ = {isa = PBXBuildFile; fileRef = E681D50724B02EC500447BC5 /* Component 2 – 1.png */; };
		E681D57F24B02EC500447BC5 /* Logo@2x.png in Resources */ = {isa = PBXBuildFile; fileRef = E681D50824B02EC500447BC5 /* Logo@2x.png */; };
		E681D58024B02EC500447BC5 /* Logo@2x.png in Resources */ = {isa = PBXBuildFile; fileRef = E681D50824B02EC500447BC5 /* Logo@2x.png */; };
		E681D58124B02EC500447BC5 /* Logo@2x.png in Resources */ = {isa = PBXBuildFile; fileRef = E681D50824B02EC500447BC5 /* Logo@2x.png */; };
		E681D58224B02EC500447BC5 /* First Menu Button@2x.png in Resources */ = {isa = PBXBuildFile; fileRef = E681D50924B02EC500447BC5 /* First Menu Button@2x.png */; };
		E681D58324B02EC500447BC5 /* First Menu Button@2x.png in Resources */ = {isa = PBXBuildFile; fileRef = E681D50924B02EC500447BC5 /* First Menu Button@2x.png */; };
		E681D58424B02EC500447BC5 /* First Menu Button@2x.png in Resources */ = {isa = PBXBuildFile; fileRef = E681D50924B02EC500447BC5 /* First Menu Button@2x.png */; };
		E681D58524B02EC500447BC5 /* Saint Francis Invitational Title@3x.png in Resources */ = {isa = PBXBuildFile; fileRef = E681D50A24B02EC500447BC5 /* Saint Francis Invitational Title@3x.png */; };
		E681D58624B02EC500447BC5 /* Saint Francis Invitational Title@3x.png in Resources */ = {isa = PBXBuildFile; fileRef = E681D50A24B02EC500447BC5 /* Saint Francis Invitational Title@3x.png */; };
		E681D58724B02EC500447BC5 /* Saint Francis Invitational Title@3x.png in Resources */ = {isa = PBXBuildFile; fileRef = E681D50A24B02EC500447BC5 /* Saint Francis Invitational Title@3x.png */; };
		E681D58824B02EC500447BC5 /* Second Menu Button@3x.png in Resources */ = {isa = PBXBuildFile; fileRef = E681D50B24B02EC500447BC5 /* Second Menu Button@3x.png */; };
		E681D58924B02EC500447BC5 /* Second Menu Button@3x.png in Resources */ = {isa = PBXBuildFile; fileRef = E681D50B24B02EC500447BC5 /* Second Menu Button@3x.png */; };
		E681D58A24B02EC500447BC5 /* Second Menu Button@3x.png in Resources */ = {isa = PBXBuildFile; fileRef = E681D50B24B02EC500447BC5 /* Second Menu Button@3x.png */; };
		E681D58B24B02EC500447BC5 /* Back Button@3x.png in Resources */ = {isa = PBXBuildFile; fileRef = E681D50C24B02EC500447BC5 /* Back Button@3x.png */; };
		E681D58C24B02EC500447BC5 /* Back Button@3x.png in Resources */ = {isa = PBXBuildFile; fileRef = E681D50C24B02EC500447BC5 /* Back Button@3x.png */; };
		E681D58D24B02EC500447BC5 /* Back Button@3x.png in Resources */ = {isa = PBXBuildFile; fileRef = E681D50C24B02EC500447BC5 /* Back Button@3x.png */; };
		E681D58E24B02EC500447BC5 /* Drop Down Meenu@3x.png in Resources */ = {isa = PBXBuildFile; fileRef = E681D50D24B02EC500447BC5 /* Drop Down Meenu@3x.png */; };
		E681D58F24B02EC500447BC5 /* Drop Down Meenu@3x.png in Resources */ = {isa = PBXBuildFile; fileRef = E681D50D24B02EC500447BC5 /* Drop Down Meenu@3x.png */; };
		E681D59024B02EC500447BC5 /* Drop Down Meenu@3x.png in Resources */ = {isa = PBXBuildFile; fileRef = E681D50D24B02EC500447BC5 /* Drop Down Meenu@3x.png */; };
		E681D59124B02EC500447BC5 /* Sign Up a Judge@3x.png in Resources */ = {isa = PBXBuildFile; fileRef = E681D50E24B02EC500447BC5 /* Sign Up a Judge@3x.png */; };
		E681D59224B02EC500447BC5 /* Sign Up a Judge@3x.png in Resources */ = {isa = PBXBuildFile; fileRef = E681D50E24B02EC500447BC5 /* Sign Up a Judge@3x.png */; };
		E681D59324B02EC500447BC5 /* Sign Up a Judge@3x.png in Resources */ = {isa = PBXBuildFile; fileRef = E681D50E24B02EC500447BC5 /* Sign Up a Judge@3x.png */; };
		E681D59724B02EC500447BC5 /* Sign Up a Judge.png in Resources */ = {isa = PBXBuildFile; fileRef = E681D51024B02EC500447BC5 /* Sign Up a Judge.png */; };
		E681D59824B02EC500447BC5 /* Sign Up a Judge.png in Resources */ = {isa = PBXBuildFile; fileRef = E681D51024B02EC500447BC5 /* Sign Up a Judge.png */; };
		E681D59924B02EC500447BC5 /* Sign Up a Judge.png in Resources */ = {isa = PBXBuildFile; fileRef = E681D51024B02EC500447BC5 /* Sign Up a Judge.png */; };
		E681D59D24B02EC500447BC5 /* Background for Tournaments@2x.png in Resources */ = {isa = PBXBuildFile; fileRef = E681D51224B02EC500447BC5 /* Background for Tournaments@2x.png */; };
		E681D59E24B02EC500447BC5 /* Background for Tournaments@2x.png in Resources */ = {isa = PBXBuildFile; fileRef = E681D51224B02EC500447BC5 /* Background for Tournaments@2x.png */; };
		E681D59F24B02EC500447BC5 /* Background for Tournaments@2x.png in Resources */ = {isa = PBXBuildFile; fileRef = E681D51224B02EC500447BC5 /* Background for Tournaments@2x.png */; };
		E681D5A024B02EC500447BC5 /* Tabroom@2x.png in Resources */ = {isa = PBXBuildFile; fileRef = E681D51324B02EC500447BC5 /* Tabroom@2x.png */; };
		E681D5A124B02EC500447BC5 /* Tabroom@2x.png in Resources */ = {isa = PBXBuildFile; fileRef = E681D51324B02EC500447BC5 /* Tabroom@2x.png */; };
		E681D5A224B02EC500447BC5 /* Tabroom@2x.png in Resources */ = {isa = PBXBuildFile; fileRef = E681D51324B02EC500447BC5 /* Tabroom@2x.png */; };
		E681D5A324B02EC500447BC5 /* Back Button.png in Resources */ = {isa = PBXBuildFile; fileRef = E681D51424B02EC500447BC5 /* Back Button.png */; };
		E681D5A424B02EC500447BC5 /* Back Button.png in Resources */ = {isa = PBXBuildFile; fileRef = E681D51424B02EC500447BC5 /* Back Button.png */; };
		E681D5A524B02EC500447BC5 /* Back Button.png in Resources */ = {isa = PBXBuildFile; fileRef = E681D51424B02EC500447BC5 /* Back Button.png */; };
		E681D5A624B02EC500447BC5 /* Saint Francis Invitational@2x.png in Resources */ = {isa = PBXBuildFile; fileRef = E681D51524B02EC500447BC5 /* Saint Francis Invitational@2x.png */; };
		E681D5A724B02EC500447BC5 /* Saint Francis Invitational@2x.png in Resources */ = {isa = PBXBuildFile; fileRef = E681D51524B02EC500447BC5 /* Saint Francis Invitational@2x.png */; };
		E681D5A824B02EC500447BC5 /* Saint Francis Invitational@2x.png in Resources */ = {isa = PBXBuildFile; fileRef = E681D51524B02EC500447BC5 /* Saint Francis Invitational@2x.png */; };
		E681D5A924B02EC500447BC5 /* Information Button@2x.png in Resources */ = {isa = PBXBuildFile; fileRef = E681D51624B02EC500447BC5 /* Information Button@2x.png */; };
		E681D5AA24B02EC500447BC5 /* Information Button@2x.png in Resources */ = {isa = PBXBuildFile; fileRef = E681D51624B02EC500447BC5 /* Information Button@2x.png */; };
		E681D5AB24B02EC500447BC5 /* Information Button@2x.png in Resources */ = {isa = PBXBuildFile; fileRef = E681D51624B02EC500447BC5 /* Information Button@2x.png */; };
		E681D5AC24B02EC500447BC5 /* Saint Francis Invitational@3x.png in Resources */ = {isa = PBXBuildFile; fileRef = E681D51724B02EC500447BC5 /* Saint Francis Invitational@3x.png */; };
		E681D5AD24B02EC500447BC5 /* Saint Francis Invitational@3x.png in Resources */ = {isa = PBXBuildFile; fileRef = E681D51724B02EC500447BC5 /* Saint Francis Invitational@3x.png */; };
		E681D5AE24B02EC500447BC5 /* Saint Francis Invitational@3x.png in Resources */ = {isa = PBXBuildFile; fileRef = E681D51724B02EC500447BC5 /* Saint Francis Invitational@3x.png */; };
		E681D5AF24B02EC500447BC5 /* Information Button@3x.png in Resources */ = {isa = PBXBuildFile; fileRef = E681D51824B02EC500447BC5 /* Information Button@3x.png */; };
		E681D5B024B02EC500447BC5 /* Information Button@3x.png in Resources */ = {isa = PBXBuildFile; fileRef = E681D51824B02EC500447BC5 /* Information Button@3x.png */; };
		E681D5B124B02EC500447BC5 /* Information Button@3x.png in Resources */ = {isa = PBXBuildFile; fileRef = E681D51824B02EC500447BC5 /* Information Button@3x.png */; };
		E681D5B224B02EC500447BC5 /* Tabroom@3x.png in Resources */ = {isa = PBXBuildFile; fileRef = E681D51924B02EC500447BC5 /* Tabroom@3x.png */; };
		E681D5B324B02EC500447BC5 /* Tabroom@3x.png in Resources */ = {isa = PBXBuildFile; fileRef = E681D51924B02EC500447BC5 /* Tabroom@3x.png */; };
		E681D5B424B02EC500447BC5 /* Tabroom@3x.png in Resources */ = {isa = PBXBuildFile; fileRef = E681D51924B02EC500447BC5 /* Tabroom@3x.png */; };
		E681D5B524B02EC500447BC5 /* Background for Tournaments@3x.png in Resources */ = {isa = PBXBuildFile; fileRef = E681D51A24B02EC500447BC5 /* Background for Tournaments@3x.png */; };
		E681D5B624B02EC500447BC5 /* Background for Tournaments@3x.png in Resources */ = {isa = PBXBuildFile; fileRef = E681D51A24B02EC500447BC5 /* Background for Tournaments@3x.png */; };
		E681D5B724B02EC500447BC5 /* Background for Tournaments@3x.png in Resources */ = {isa = PBXBuildFile; fileRef = E681D51A24B02EC500447BC5 /* Background for Tournaments@3x.png */; };
		E681D5B824B02EC500447BC5 /* Second Menu Button.png in Resources */ = {isa = PBXBuildFile; fileRef = E681D51B24B02EC500447BC5 /* Second Menu Button.png */; };
		E681D5B924B02EC500447BC5 /* Second Menu Button.png in Resources */ = {isa = PBXBuildFile; fileRef = E681D51B24B02EC500447BC5 /* Second Menu Button.png */; };
		E681D5BA24B02EC500447BC5 /* Second Menu Button.png in Resources */ = {isa = PBXBuildFile; fileRef = E681D51B24B02EC500447BC5 /* Second Menu Button.png */; };
		E681D5BE24B02EC500447BC5 /* Drop Down Meenu@2x.png in Resources */ = {isa = PBXBuildFile; fileRef = E681D51D24B02EC500447BC5 /* Drop Down Meenu@2x.png */; };
		E681D5BF24B02EC500447BC5 /* Drop Down Meenu@2x.png in Resources */ = {isa = PBXBuildFile; fileRef = E681D51D24B02EC500447BC5 /* Drop Down Meenu@2x.png */; };
		E681D5C024B02EC500447BC5 /* Drop Down Meenu@2x.png in Resources */ = {isa = PBXBuildFile; fileRef = E681D51D24B02EC500447BC5 /* Drop Down Meenu@2x.png */; };
		E681D5C124B02EC500447BC5 /* Sign Up a Judge@2x.png in Resources */ = {isa = PBXBuildFile; fileRef = E681D51E24B02EC500447BC5 /* Sign Up a Judge@2x.png */; };
		E681D5C224B02EC500447BC5 /* Sign Up a Judge@2x.png in Resources */ = {isa = PBXBuildFile; fileRef = E681D51E24B02EC500447BC5 /* Sign Up a Judge@2x.png */; };
		E681D5C324B02EC500447BC5 /* Sign Up a Judge@2x.png in Resources */ = {isa = PBXBuildFile; fileRef = E681D51E24B02EC500447BC5 /* Sign Up a Judge@2x.png */; };
		E681D5C524B0720200447BC5 /* GoogleService-Info.plist in Resources */ = {isa = PBXBuildFile; fileRef = E681D5C424B0720200447BC5 /* GoogleService-Info.plist */; };
		E681D5C624B0720200447BC5 /* GoogleService-Info.plist in Resources */ = {isa = PBXBuildFile; fileRef = E681D5C424B0720200447BC5 /* GoogleService-Info.plist */; };
		E681D5C724B0720200447BC5 /* GoogleService-Info.plist in Resources */ = {isa = PBXBuildFile; fileRef = E681D5C424B0720200447BC5 /* GoogleService-Info.plist */; };
		E681D5C924B07AFB00447BC5 /* TournamentInfoViewController.swift in Sources */ = {isa = PBXBuildFile; fileRef = E681D5C824B07AFB00447BC5 /* TournamentInfoViewController.swift */; };
		E681D5CA24B07AFB00447BC5 /* TournamentInfoViewController.swift in Sources */ = {isa = PBXBuildFile; fileRef = E681D5C824B07AFB00447BC5 /* TournamentInfoViewController.swift */; };
		E681D5CB24B07AFB00447BC5 /* TournamentInfoViewController.swift in Sources */ = {isa = PBXBuildFile; fileRef = E681D5C824B07AFB00447BC5 /* TournamentInfoViewController.swift */; };
		E6CFBA4924B3E82D00FF856A /* webPageViewController.swift in Sources */ = {isa = PBXBuildFile; fileRef = E6CFBA4824B3E82D00FF856A /* webPageViewController.swift */; };
		E6D10E2424ADC8CF005422E1 /* AppDelegate.swift in Sources */ = {isa = PBXBuildFile; fileRef = E6D10E2324ADC8CF005422E1 /* AppDelegate.swift */; };
		E6D10E2624ADC8CF005422E1 /* SceneDelegate.swift in Sources */ = {isa = PBXBuildFile; fileRef = E6D10E2524ADC8CF005422E1 /* SceneDelegate.swift */; };
		E6D10E2824ADC8CF005422E1 /* ViewController.swift in Sources */ = {isa = PBXBuildFile; fileRef = E6D10E2724ADC8CF005422E1 /* ViewController.swift */; };
		E6D10E2B24ADC8CF005422E1 /* Main.storyboard in Resources */ = {isa = PBXBuildFile; fileRef = E6D10E2924ADC8CF005422E1 /* Main.storyboard */; };
		E6D10E2E24ADC8CF005422E1 /* Leland_Speech_and_Debate_App.xcdatamodeld in Sources */ = {isa = PBXBuildFile; fileRef = E6D10E2C24ADC8CF005422E1 /* Leland_Speech_and_Debate_App.xcdatamodeld */; };
		E6D10E3024ADC8D2005422E1 /* Assets.xcassets in Resources */ = {isa = PBXBuildFile; fileRef = E6D10E2F24ADC8D2005422E1 /* Assets.xcassets */; };
		E6D10E3324ADC8D2005422E1 /* LaunchScreen.storyboard in Resources */ = {isa = PBXBuildFile; fileRef = E6D10E3124ADC8D2005422E1 /* LaunchScreen.storyboard */; };
		E6D10E3E24ADC8D2005422E1 /* Leland_Speech_and_Debate_AppTests.swift in Sources */ = {isa = PBXBuildFile; fileRef = E6D10E3D24ADC8D2005422E1 /* Leland_Speech_and_Debate_AppTests.swift */; };
		E6D10E4924ADC8D2005422E1 /* Leland_Speech_and_Debate_AppUITests.swift in Sources */ = {isa = PBXBuildFile; fileRef = E6D10E4824ADC8D2005422E1 /* Leland_Speech_and_Debate_AppUITests.swift */; };
		E6D8997224B47449007CE0DA /* Sign up as a student.png in Resources */ = {isa = PBXBuildFile; fileRef = E6D8997124B47449007CE0DA /* Sign up as a student.png */; };
		E6D8997324B47449007CE0DA /* Sign up as a student.png in Resources */ = {isa = PBXBuildFile; fileRef = E6D8997124B47449007CE0DA /* Sign up as a student.png */; };
		E6D8997424B47449007CE0DA /* Sign up as a student.png in Resources */ = {isa = PBXBuildFile; fileRef = E6D8997124B47449007CE0DA /* Sign up as a student.png */; };
/* End PBXBuildFile section */

/* Begin PBXContainerItemProxy section */
		E6D10E3A24ADC8D2005422E1 /* PBXContainerItemProxy */ = {
			isa = PBXContainerItemProxy;
			containerPortal = E6D10E1824ADC8CF005422E1 /* Project object */;
			proxyType = 1;
			remoteGlobalIDString = E6D10E1F24ADC8CF005422E1;
			remoteInfo = "Leland Speech and Debate App";
		};
		E6D10E4524ADC8D2005422E1 /* PBXContainerItemProxy */ = {
			isa = PBXContainerItemProxy;
			containerPortal = E6D10E1824ADC8CF005422E1 /* Project object */;
			proxyType = 1;
			remoteGlobalIDString = E6D10E1F24ADC8CF005422E1;
			remoteInfo = "Leland Speech and Debate App";
		};
/* End PBXContainerItemProxy section */

/* Begin PBXFileReference section */
		07BE5E763E14BFA7AD8B168D /* Pods_Leland_Speech_and_Debate_App.framework */ = {isa = PBXFileReference; explicitFileType = wrapper.framework; includeInIndex = 0; path = Pods_Leland_Speech_and_Debate_App.framework; sourceTree = BUILT_PRODUCTS_DIR; };
		0BFCC76A976790A434094692 /* Pods-Leland Speech and Debate App.debug.xcconfig */ = {isa = PBXFileReference; includeInIndex = 1; lastKnownFileType = text.xcconfig; name = "Pods-Leland Speech and Debate App.debug.xcconfig"; path = "Target Support Files/Pods-Leland Speech and Debate App/Pods-Leland Speech and Debate App.debug.xcconfig"; sourceTree = "<group>"; };
		0D4F615FE3E176BBBCC49B66 /* Pods-Leland Speech and Debate AppTests.debug.xcconfig */ = {isa = PBXFileReference; includeInIndex = 1; lastKnownFileType = text.xcconfig; name = "Pods-Leland Speech and Debate AppTests.debug.xcconfig"; path = "Target Support Files/Pods-Leland Speech and Debate AppTests/Pods-Leland Speech and Debate AppTests.debug.xcconfig"; sourceTree = "<group>"; };
		1DE049B30994250DE67DC725 /* Pods-Leland Speech and Debate App.release.xcconfig */ = {isa = PBXFileReference; includeInIndex = 1; lastKnownFileType = text.xcconfig; name = "Pods-Leland Speech and Debate App.release.xcconfig"; path = "Target Support Files/Pods-Leland Speech and Debate App/Pods-Leland Speech and Debate App.release.xcconfig"; sourceTree = "<group>"; };
		657F92FA10A5FC3430EE0CBF /* Pods-Leland Speech and Debate AppTests.release.xcconfig */ = {isa = PBXFileReference; includeInIndex = 1; lastKnownFileType = text.xcconfig; name = "Pods-Leland Speech and Debate AppTests.release.xcconfig"; path = "Target Support Files/Pods-Leland Speech and Debate AppTests/Pods-Leland Speech and Debate AppTests.release.xcconfig"; sourceTree = "<group>"; };
		7834461DAA336B8A3CF94F72 /* Pods_Leland_Speech_and_Debate_AppUITests.framework */ = {isa = PBXFileReference; explicitFileType = wrapper.framework; includeInIndex = 0; path = Pods_Leland_Speech_and_Debate_AppUITests.framework; sourceTree = BUILT_PRODUCTS_DIR; };
		B39F495E22F465BC6E0C96C3 /* Pods-Leland Speech and Debate AppUITests.debug.xcconfig */ = {isa = PBXFileReference; includeInIndex = 1; lastKnownFileType = text.xcconfig; name = "Pods-Leland Speech and Debate AppUITests.debug.xcconfig"; path = "Target Support Files/Pods-Leland Speech and Debate AppUITests/Pods-Leland Speech and Debate AppUITests.debug.xcconfig"; sourceTree = "<group>"; };
		E62703B924B277B300834D52 /* ScrollCollectionViewCell.swift */ = {isa = PBXFileReference; fileEncoding = 4; lastKnownFileType = sourcecode.swift; path = ScrollCollectionViewCell.swift; sourceTree = "<group>"; };
		E6389F6424B1C7A7006ADDD4 /* scrollCollectionViewController.swift */ = {isa = PBXFileReference; lastKnownFileType = sourcecode.swift; path = scrollCollectionViewController.swift; sourceTree = "<group>"; };
		E681D4BB24AFD9A200447BC5 /* OurMissionPageController.swift */ = {isa = PBXFileReference; lastKnownFileType = sourcecode.swift; path = OurMissionPageController.swift; sourceTree = "<group>"; };
		E681D4E824B02EC500447BC5 /* Our Mission.png */ = {isa = PBXFileReference; lastKnownFileType = image.png; path = "Our Mission.png"; sourceTree = "<group>"; };
		E681D4E924B02EC500447BC5 /* Component 2 – 1@2x.png */ = {isa = PBXFileReference; lastKnownFileType = image.png; path = "Component 2 – 1@2x.png"; sourceTree = "<group>"; };
		E681D4EA24B02EC500447BC5 /* Tournament button@2x.png */ = {isa = PBXFileReference; lastKnownFileType = image.png; path = "Tournament button@2x.png"; sourceTree = "<group>"; };
		E681D4EB24B02EC500447BC5 /* Tournament button@3x.png */ = {isa = PBXFileReference; lastKnownFileType = image.png; path = "Tournament button@3x.png"; sourceTree = "<group>"; };
		E681D4EC24B02EC500447BC5 /* Component 2 – 1@3x.png */ = {isa = PBXFileReference; lastKnownFileType = image.png; path = "Component 2 – 1@3x.png"; sourceTree = "<group>"; };
		E681D4ED24B02EC500447BC5 /* Drop Down Meenu.png */ = {isa = PBXFileReference; lastKnownFileType = image.png; path = "Drop Down Meenu.png"; sourceTree = "<group>"; };
		E681D4EE24B02EC500447BC5 /* Saint Francis Invitational Title.png */ = {isa = PBXFileReference; lastKnownFileType = image.png; path = "Saint Francis Invitational Title.png"; sourceTree = "<group>"; };
		E681D4EF24B02EC500447BC5 /* #1 Team in the nation.png */ = {isa = PBXFileReference; lastKnownFileType = image.png; path = "#1 Team in the nation.png"; sourceTree = "<group>"; };
		E681D4F124B02EC500447BC5 /* Information Button.png */ = {isa = PBXFileReference; lastKnownFileType = image.png; path = "Information Button.png"; sourceTree = "<group>"; };
		E681D4F324B02EC500447BC5 /* Our Mission@3x.png */ = {isa = PBXFileReference; lastKnownFileType = image.png; path = "Our Mission@3x.png"; sourceTree = "<group>"; };
		E681D4F424B02EC500447BC5 /* Tournament Info Label@3x.png */ = {isa = PBXFileReference; lastKnownFileType = image.png; path = "Tournament Info Label@3x.png"; sourceTree = "<group>"; };
		E681D4F524B02EC500447BC5 /* Events.png */ = {isa = PBXFileReference; lastKnownFileType = image.png; path = Events.png; sourceTree = "<group>"; };
		E681D4F624B02EC500447BC5 /* Tournament Info Label@2x.png */ = {isa = PBXFileReference; lastKnownFileType = image.png; path = "Tournament Info Label@2x.png"; sourceTree = "<group>"; };
		E681D4F724B02EC500447BC5 /* Our Mission@2x.png */ = {isa = PBXFileReference; lastKnownFileType = image.png; path = "Our Mission@2x.png"; sourceTree = "<group>"; };
		E681D4F924B02EC500447BC5 /* GoogleService-Info.plist */ = {isa = PBXFileReference; fileEncoding = 4; lastKnownFileType = text.plist.xml; path = "GoogleService-Info.plist"; sourceTree = "<group>"; };
		E681D4FA24B02EC500447BC5 /* Background for Tournaments.png */ = {isa = PBXFileReference; lastKnownFileType = image.png; path = "Background for Tournaments.png"; sourceTree = "<group>"; };
		E681D4FB24B02EC500447BC5 /* Tournament button.png */ = {isa = PBXFileReference; lastKnownFileType = image.png; path = "Tournament button.png"; sourceTree = "<group>"; };
		E681D4FC24B02EC500447BC5 /* Saint Francis Invitational.png */ = {isa = PBXFileReference; lastKnownFileType = image.png; path = "Saint Francis Invitational.png"; sourceTree = "<group>"; };
		E681D4FE24B02EC500447BC5 /* First Menu Button.png */ = {isa = PBXFileReference; lastKnownFileType = image.png; path = "First Menu Button.png"; sourceTree = "<group>"; };
		E681D4FF24B02EC500447BC5 /* Back Button@2x.png */ = {isa = PBXFileReference; lastKnownFileType = image.png; path = "Back Button@2x.png"; sourceTree = "<group>"; };
		E681D50024B02EC500447BC5 /* Saint Francis Invitational Title@2x.png */ = {isa = PBXFileReference; lastKnownFileType = image.png; path = "Saint Francis Invitational Title@2x.png"; sourceTree = "<group>"; };
		E681D50124B02EC500447BC5 /* Second Menu Button@2x.png */ = {isa = PBXFileReference; lastKnownFileType = image.png; path = "Second Menu Button@2x.png"; sourceTree = "<group>"; };
		E681D50224B02EC500447BC5 /* Tabroom.png */ = {isa = PBXFileReference; lastKnownFileType = image.png; path = Tabroom.png; sourceTree = "<group>"; };
		E681D50324B02EC500447BC5 /* First Menu Button@3x.png */ = {isa = PBXFileReference; lastKnownFileType = image.png; path = "First Menu Button@3x.png"; sourceTree = "<group>"; };
		E681D50424B02EC500447BC5 /* Logo@3x.png */ = {isa = PBXFileReference; lastKnownFileType = image.png; path = "Logo@3x.png"; sourceTree = "<group>"; };
		E681D50524B02EC500447BC5 /* Tournament Info Label.png */ = {isa = PBXFileReference; lastKnownFileType = image.png; path = "Tournament Info Label.png"; sourceTree = "<group>"; };
		E681D50624B02EC500447BC5 /* Logo.png */ = {isa = PBXFileReference; lastKnownFileType = image.png; path = Logo.png; sourceTree = "<group>"; };
		E681D50724B02EC500447BC5 /* Component 2 – 1.png */ = {isa = PBXFileReference; lastKnownFileType = image.png; path = "Component 2 – 1.png"; sourceTree = "<group>"; };
		E681D50824B02EC500447BC5 /* Logo@2x.png */ = {isa = PBXFileReference; lastKnownFileType = image.png; path = "Logo@2x.png"; sourceTree = "<group>"; };
		E681D50924B02EC500447BC5 /* First Menu Button@2x.png */ = {isa = PBXFileReference; lastKnownFileType = image.png; path = "First Menu Button@2x.png"; sourceTree = "<group>"; };
		E681D50A24B02EC500447BC5 /* Saint Francis Invitational Title@3x.png */ = {isa = PBXFileReference; lastKnownFileType = image.png; path = "Saint Francis Invitational Title@3x.png"; sourceTree = "<group>"; };
		E681D50B24B02EC500447BC5 /* Second Menu Button@3x.png */ = {isa = PBXFileReference; lastKnownFileType = image.png; path = "Second Menu Button@3x.png"; sourceTree = "<group>"; };
		E681D50C24B02EC500447BC5 /* Back Button@3x.png */ = {isa = PBXFileReference; lastKnownFileType = image.png; path = "Back Button@3x.png"; sourceTree = "<group>"; };
		E681D50D24B02EC500447BC5 /* Drop Down Meenu@3x.png */ = {isa = PBXFileReference; lastKnownFileType = image.png; path = "Drop Down Meenu@3x.png"; sourceTree = "<group>"; };
		E681D50E24B02EC500447BC5 /* Sign Up a Judge@3x.png */ = {isa = PBXFileReference; lastKnownFileType = image.png; path = "Sign Up a Judge@3x.png"; sourceTree = "<group>"; };
		E681D51024B02EC500447BC5 /* Sign Up a Judge.png */ = {isa = PBXFileReference; lastKnownFileType = image.png; path = "Sign Up a Judge.png"; sourceTree = "<group>"; };
		E681D51224B02EC500447BC5 /* Background for Tournaments@2x.png */ = {isa = PBXFileReference; lastKnownFileType = image.png; path = "Background for Tournaments@2x.png"; sourceTree = "<group>"; };
		E681D51324B02EC500447BC5 /* Tabroom@2x.png */ = {isa = PBXFileReference; lastKnownFileType = image.png; path = "Tabroom@2x.png"; sourceTree = "<group>"; };
		E681D51424B02EC500447BC5 /* Back Button.png */ = {isa = PBXFileReference; lastKnownFileType = image.png; path = "Back Button.png"; sourceTree = "<group>"; };
		E681D51524B02EC500447BC5 /* Saint Francis Invitational@2x.png */ = {isa = PBXFileReference; lastKnownFileType = image.png; path = "Saint Francis Invitational@2x.png"; sourceTree = "<group>"; };
		E681D51624B02EC500447BC5 /* Information Button@2x.png */ = {isa = PBXFileReference; lastKnownFileType = image.png; path = "Information Button@2x.png"; sourceTree = "<group>"; };
		E681D51724B02EC500447BC5 /* Saint Francis Invitational@3x.png */ = {isa = PBXFileReference; lastKnownFileType = image.png; path = "Saint Francis Invitational@3x.png"; sourceTree = "<group>"; };
		E681D51824B02EC500447BC5 /* Information Button@3x.png */ = {isa = PBXFileReference; lastKnownFileType = image.png; path = "Information Button@3x.png"; sourceTree = "<group>"; };
		E681D51924B02EC500447BC5 /* Tabroom@3x.png */ = {isa = PBXFileReference; lastKnownFileType = image.png; path = "Tabroom@3x.png"; sourceTree = "<group>"; };
		E681D51A24B02EC500447BC5 /* Background for Tournaments@3x.png */ = {isa = PBXFileReference; lastKnownFileType = image.png; path = "Background for Tournaments@3x.png"; sourceTree = "<group>"; };
		E681D51B24B02EC500447BC5 /* Second Menu Button.png */ = {isa = PBXFileReference; lastKnownFileType = image.png; path = "Second Menu Button.png"; sourceTree = "<group>"; };
		E681D51D24B02EC500447BC5 /* Drop Down Meenu@2x.png */ = {isa = PBXFileReference; lastKnownFileType = image.png; path = "Drop Down Meenu@2x.png"; sourceTree = "<group>"; };
		E681D51E24B02EC500447BC5 /* Sign Up a Judge@2x.png */ = {isa = PBXFileReference; lastKnownFileType = image.png; path = "Sign Up a Judge@2x.png"; sourceTree = "<group>"; };
		E681D5C424B0720200447BC5 /* GoogleService-Info.plist */ = {isa = PBXFileReference; fileEncoding = 4; lastKnownFileType = text.plist.xml; name = "GoogleService-Info.plist"; path = "../../GoogleService-Info.plist"; sourceTree = "<group>"; };
		E681D5C824B07AFB00447BC5 /* TournamentInfoViewController.swift */ = {isa = PBXFileReference; lastKnownFileType = sourcecode.swift; path = TournamentInfoViewController.swift; sourceTree = "<group>"; };
		E6CFBA4824B3E82D00FF856A /* webPageViewController.swift */ = {isa = PBXFileReference; lastKnownFileType = sourcecode.swift; path = webPageViewController.swift; sourceTree = "<group>"; };
		E6D10E2024ADC8CF005422E1 /* Leland Speech and Debate App.app */ = {isa = PBXFileReference; explicitFileType = wrapper.application; includeInIndex = 0; path = "Leland Speech and Debate App.app"; sourceTree = BUILT_PRODUCTS_DIR; };
		E6D10E2324ADC8CF005422E1 /* AppDelegate.swift */ = {isa = PBXFileReference; lastKnownFileType = sourcecode.swift; path = AppDelegate.swift; sourceTree = "<group>"; };
		E6D10E2524ADC8CF005422E1 /* SceneDelegate.swift */ = {isa = PBXFileReference; lastKnownFileType = sourcecode.swift; path = SceneDelegate.swift; sourceTree = "<group>"; };
		E6D10E2724ADC8CF005422E1 /* ViewController.swift */ = {isa = PBXFileReference; lastKnownFileType = sourcecode.swift; path = ViewController.swift; sourceTree = "<group>"; };
		E6D10E2A24ADC8CF005422E1 /* Base */ = {isa = PBXFileReference; lastKnownFileType = file.storyboard; name = Base; path = Base.lproj/Main.storyboard; sourceTree = "<group>"; };
		E6D10E2D24ADC8CF005422E1 /* Leland_Speech_and_Debate_App.xcdatamodel */ = {isa = PBXFileReference; lastKnownFileType = wrapper.xcdatamodel; path = Leland_Speech_and_Debate_App.xcdatamodel; sourceTree = "<group>"; };
		E6D10E2F24ADC8D2005422E1 /* Assets.xcassets */ = {isa = PBXFileReference; lastKnownFileType = folder.assetcatalog; path = Assets.xcassets; sourceTree = "<group>"; };
		E6D10E3224ADC8D2005422E1 /* Base */ = {isa = PBXFileReference; lastKnownFileType = file.storyboard; name = Base; path = Base.lproj/LaunchScreen.storyboard; sourceTree = "<group>"; };
		E6D10E3424ADC8D2005422E1 /* Info.plist */ = {isa = PBXFileReference; lastKnownFileType = text.plist.xml; path = Info.plist; sourceTree = "<group>"; };
		E6D10E3924ADC8D2005422E1 /* Leland Speech and Debate AppTests.xctest */ = {isa = PBXFileReference; explicitFileType = wrapper.cfbundle; includeInIndex = 0; path = "Leland Speech and Debate AppTests.xctest"; sourceTree = BUILT_PRODUCTS_DIR; };
		E6D10E3D24ADC8D2005422E1 /* Leland_Speech_and_Debate_AppTests.swift */ = {isa = PBXFileReference; lastKnownFileType = sourcecode.swift; path = Leland_Speech_and_Debate_AppTests.swift; sourceTree = "<group>"; };
		E6D10E3F24ADC8D2005422E1 /* Info.plist */ = {isa = PBXFileReference; lastKnownFileType = text.plist.xml; path = Info.plist; sourceTree = "<group>"; };
		E6D10E4424ADC8D2005422E1 /* Leland Speech and Debate AppUITests.xctest */ = {isa = PBXFileReference; explicitFileType = wrapper.cfbundle; includeInIndex = 0; path = "Leland Speech and Debate AppUITests.xctest"; sourceTree = BUILT_PRODUCTS_DIR; };
		E6D10E4824ADC8D2005422E1 /* Leland_Speech_and_Debate_AppUITests.swift */ = {isa = PBXFileReference; lastKnownFileType = sourcecode.swift; path = Leland_Speech_and_Debate_AppUITests.swift; sourceTree = "<group>"; };
		E6D10E4A24ADC8D2005422E1 /* Info.plist */ = {isa = PBXFileReference; lastKnownFileType = text.plist.xml; path = Info.plist; sourceTree = "<group>"; };
		E6D8997124B47449007CE0DA /* Sign up as a student.png */ = {isa = PBXFileReference; lastKnownFileType = image.png; path = "Sign up as a student.png"; sourceTree = "<group>"; };
		E957D9BE0A29AC34D36E4BEA /* Pods-Leland Speech and Debate AppUITests.release.xcconfig */ = {isa = PBXFileReference; includeInIndex = 1; lastKnownFileType = text.xcconfig; name = "Pods-Leland Speech and Debate AppUITests.release.xcconfig"; path = "Target Support Files/Pods-Leland Speech and Debate AppUITests/Pods-Leland Speech and Debate AppUITests.release.xcconfig"; sourceTree = "<group>"; };
		FF1386A76BC8A00F54925A0B /* Pods_Leland_Speech_and_Debate_AppTests.framework */ = {isa = PBXFileReference; explicitFileType = wrapper.framework; includeInIndex = 0; path = Pods_Leland_Speech_and_Debate_AppTests.framework; sourceTree = BUILT_PRODUCTS_DIR; };
/* End PBXFileReference section */

/* Begin PBXFrameworksBuildPhase section */
		E6D10E1D24ADC8CF005422E1 /* Frameworks */ = {
			isa = PBXFrameworksBuildPhase;
			buildActionMask = 2147483647;
			files = (
				1C016867CDB7A183FCBE637F /* Pods_Leland_Speech_and_Debate_App.framework in Frameworks */,
			);
			runOnlyForDeploymentPostprocessing = 0;
		};
		E6D10E3624ADC8D2005422E1 /* Frameworks */ = {
			isa = PBXFrameworksBuildPhase;
			buildActionMask = 2147483647;
			files = (
				49B010BA52F211678846D5CE /* Pods_Leland_Speech_and_Debate_AppTests.framework in Frameworks */,
			);
			runOnlyForDeploymentPostprocessing = 0;
		};
		E6D10E4124ADC8D2005422E1 /* Frameworks */ = {
			isa = PBXFrameworksBuildPhase;
			buildActionMask = 2147483647;
			files = (
				38A9D7F076E6128BCC9EF98B /* Pods_Leland_Speech_and_Debate_AppUITests.framework in Frameworks */,
			);
			runOnlyForDeploymentPostprocessing = 0;
		};
/* End PBXFrameworksBuildPhase section */

/* Begin PBXGroup section */
		10F8AB851418FC9146EADFFC /* Pods */ = {
			isa = PBXGroup;
			children = (
				0BFCC76A976790A434094692 /* Pods-Leland Speech and Debate App.debug.xcconfig */,
				1DE049B30994250DE67DC725 /* Pods-Leland Speech and Debate App.release.xcconfig */,
				0D4F615FE3E176BBBCC49B66 /* Pods-Leland Speech and Debate AppTests.debug.xcconfig */,
				657F92FA10A5FC3430EE0CBF /* Pods-Leland Speech and Debate AppTests.release.xcconfig */,
				B39F495E22F465BC6E0C96C3 /* Pods-Leland Speech and Debate AppUITests.debug.xcconfig */,
				E957D9BE0A29AC34D36E4BEA /* Pods-Leland Speech and Debate AppUITests.release.xcconfig */,
			);
			path = Pods;
			sourceTree = "<group>";
		};
		1A8AB5572C80A6F8C34A0F1A /* Frameworks */ = {
			isa = PBXGroup;
			children = (
				07BE5E763E14BFA7AD8B168D /* Pods_Leland_Speech_and_Debate_App.framework */,
				FF1386A76BC8A00F54925A0B /* Pods_Leland_Speech_and_Debate_AppTests.framework */,
				7834461DAA336B8A3CF94F72 /* Pods_Leland_Speech_and_Debate_AppUITests.framework */,
			);
			name = Frameworks;
			sourceTree = "<group>";
		};
		E6389F6624B1C833006ADDD4 /* Custom Cells */ = {
			isa = PBXGroup;
			children = (
			);
			path = "Custom Cells";
			sourceTree = "<group>";
		};
		E681D4E724B02EC500447BC5 /* Leland Speech and Debate App Assets */ = {
			isa = PBXGroup;
			children = (
				E681D4E824B02EC500447BC5 /* Our Mission.png */,
				E681D4E924B02EC500447BC5 /* Component 2 – 1@2x.png */,
				E681D4EA24B02EC500447BC5 /* Tournament button@2x.png */,
				E6D8997124B47449007CE0DA /* Sign up as a student.png */,
				E681D4EB24B02EC500447BC5 /* Tournament button@3x.png */,
				E681D4EC24B02EC500447BC5 /* Component 2 – 1@3x.png */,
				E681D4ED24B02EC500447BC5 /* Drop Down Meenu.png */,
				E681D4EE24B02EC500447BC5 /* Saint Francis Invitational Title.png */,
				E681D4EF24B02EC500447BC5 /* #1 Team in the nation.png */,
				E681D4F124B02EC500447BC5 /* Information Button.png */,
				E681D4F324B02EC500447BC5 /* Our Mission@3x.png */,
				E681D4F424B02EC500447BC5 /* Tournament Info Label@3x.png */,
				E681D4F524B02EC500447BC5 /* Events.png */,
				E681D4F624B02EC500447BC5 /* Tournament Info Label@2x.png */,
				E681D4F724B02EC500447BC5 /* Our Mission@2x.png */,
				E681D4F924B02EC500447BC5 /* GoogleService-Info.plist */,
				E681D4FA24B02EC500447BC5 /* Background for Tournaments.png */,
				E681D4FB24B02EC500447BC5 /* Tournament button.png */,
				E681D4FC24B02EC500447BC5 /* Saint Francis Invitational.png */,
				E681D4FE24B02EC500447BC5 /* First Menu Button.png */,
				E681D4FF24B02EC500447BC5 /* Back Button@2x.png */,
				E681D50024B02EC500447BC5 /* Saint Francis Invitational Title@2x.png */,
				E681D50124B02EC500447BC5 /* Second Menu Button@2x.png */,
				E681D50224B02EC500447BC5 /* Tabroom.png */,
				E681D50324B02EC500447BC5 /* First Menu Button@3x.png */,
				E681D50424B02EC500447BC5 /* Logo@3x.png */,
				E681D50524B02EC500447BC5 /* Tournament Info Label.png */,
				E681D50624B02EC500447BC5 /* Logo.png */,
				E681D50724B02EC500447BC5 /* Component 2 – 1.png */,
				E681D50824B02EC500447BC5 /* Logo@2x.png */,
				E681D50924B02EC500447BC5 /* First Menu Button@2x.png */,
				E681D50A24B02EC500447BC5 /* Saint Francis Invitational Title@3x.png */,
				E681D50B24B02EC500447BC5 /* Second Menu Button@3x.png */,
				E681D50C24B02EC500447BC5 /* Back Button@3x.png */,
				E681D50D24B02EC500447BC5 /* Drop Down Meenu@3x.png */,
				E681D50E24B02EC500447BC5 /* Sign Up a Judge@3x.png */,
				E681D51024B02EC500447BC5 /* Sign Up a Judge.png */,
				E681D51224B02EC500447BC5 /* Background for Tournaments@2x.png */,
				E681D51324B02EC500447BC5 /* Tabroom@2x.png */,
				E681D51424B02EC500447BC5 /* Back Button.png */,
				E681D51524B02EC500447BC5 /* Saint Francis Invitational@2x.png */,
				E681D51624B02EC500447BC5 /* Information Button@2x.png */,
				E681D51724B02EC500447BC5 /* Saint Francis Invitational@3x.png */,
				E681D51824B02EC500447BC5 /* Information Button@3x.png */,
				E681D51924B02EC500447BC5 /* Tabroom@3x.png */,
				E681D51A24B02EC500447BC5 /* Background for Tournaments@3x.png */,
				E681D51B24B02EC500447BC5 /* Second Menu Button.png */,
				E681D51D24B02EC500447BC5 /* Drop Down Meenu@2x.png */,
				E681D51E24B02EC500447BC5 /* Sign Up a Judge@2x.png */,
			);
			name = "Leland Speech and Debate App Assets";
			path = "../Leland Speech and Debate App Assets";
			sourceTree = "<group>";
		};
		E6D10E1724ADC8CF005422E1 = {
			isa = PBXGroup;
			children = (
				E6D10E2224ADC8CF005422E1 /* Leland Speech and Debate App */,
				E6D10E3C24ADC8D2005422E1 /* Leland Speech and Debate AppTests */,
				E6D10E4724ADC8D2005422E1 /* Leland Speech and Debate AppUITests */,
				E6D10E2124ADC8CF005422E1 /* Products */,
				E681D4E724B02EC500447BC5 /* Leland Speech and Debate App Assets */,
				10F8AB851418FC9146EADFFC /* Pods */,
				1A8AB5572C80A6F8C34A0F1A /* Frameworks */,
			);
			sourceTree = "<group>";
		};
		E6D10E2124ADC8CF005422E1 /* Products */ = {
			isa = PBXGroup;
			children = (
				E6D10E2024ADC8CF005422E1 /* Leland Speech and Debate App.app */,
				E6D10E3924ADC8D2005422E1 /* Leland Speech and Debate AppTests.xctest */,
				E6D10E4424ADC8D2005422E1 /* Leland Speech and Debate AppUITests.xctest */,
			);
			name = Products;
			sourceTree = "<group>";
		};
		E6D10E2224ADC8CF005422E1 /* Leland Speech and Debate App */ = {
			isa = PBXGroup;
			children = (
				E6389F6624B1C833006ADDD4 /* Custom Cells */,
				E6D10E2324ADC8CF005422E1 /* AppDelegate.swift */,
				E62703B924B277B300834D52 /* ScrollCollectionViewCell.swift */,
				E681D5C824B07AFB00447BC5 /* TournamentInfoViewController.swift */,
				E6D10E2524ADC8CF005422E1 /* SceneDelegate.swift */,
				E6D10E2724ADC8CF005422E1 /* ViewController.swift */,
				E6D10E2924ADC8CF005422E1 /* Main.storyboard */,
				E6CFBA4824B3E82D00FF856A /* webPageViewController.swift */,
				E6389F6424B1C7A7006ADDD4 /* scrollCollectionViewController.swift */,
				E681D4BB24AFD9A200447BC5 /* OurMissionPageController.swift */,
				E6D10E2F24ADC8D2005422E1 /* Assets.xcassets */,
				E6D10E3124ADC8D2005422E1 /* LaunchScreen.storyboard */,
				E6D10E3424ADC8D2005422E1 /* Info.plist */,
				E6D10E2C24ADC8CF005422E1 /* Leland_Speech_and_Debate_App.xcdatamodeld */,
				E681D5C424B0720200447BC5 /* GoogleService-Info.plist */,
			);
			path = "Leland Speech and Debate App";
			sourceTree = "<group>";
		};
		E6D10E3C24ADC8D2005422E1 /* Leland Speech and Debate AppTests */ = {
			isa = PBXGroup;
			children = (
				E6D10E3D24ADC8D2005422E1 /* Leland_Speech_and_Debate_AppTests.swift */,
				E6D10E3F24ADC8D2005422E1 /* Info.plist */,
			);
			path = "Leland Speech and Debate AppTests";
			sourceTree = "<group>";
		};
		E6D10E4724ADC8D2005422E1 /* Leland Speech and Debate AppUITests */ = {
			isa = PBXGroup;
			children = (
				E6D10E4824ADC8D2005422E1 /* Leland_Speech_and_Debate_AppUITests.swift */,
				E6D10E4A24ADC8D2005422E1 /* Info.plist */,
			);
			path = "Leland Speech and Debate AppUITests";
			sourceTree = "<group>";
		};
/* End PBXGroup section */

/* Begin PBXNativeTarget section */
		E6D10E1F24ADC8CF005422E1 /* Leland Speech and Debate App */ = {
			isa = PBXNativeTarget;
			buildConfigurationList = E6D10E4D24ADC8D2005422E1 /* Build configuration list for PBXNativeTarget "Leland Speech and Debate App" */;
			buildPhases = (
				440510C96C698FC9354D5239 /* [CP] Check Pods Manifest.lock */,
				E6D10E1C24ADC8CF005422E1 /* Sources */,
				E6D10E1D24ADC8CF005422E1 /* Frameworks */,
				E6D10E1E24ADC8CF005422E1 /* Resources */,
				8AAECCD7D72211DC6A1034D6 /* [CP] Embed Pods Frameworks */,
			);
			buildRules = (
			);
			dependencies = (
			);
			name = "Leland Speech and Debate App";
			productName = "Leland Speech and Debate App";
			productReference = E6D10E2024ADC8CF005422E1 /* Leland Speech and Debate App.app */;
			productType = "com.apple.product-type.application";
		};
		E6D10E3824ADC8D2005422E1 /* Leland Speech and Debate AppTests */ = {
			isa = PBXNativeTarget;
			buildConfigurationList = E6D10E5024ADC8D2005422E1 /* Build configuration list for PBXNativeTarget "Leland Speech and Debate AppTests" */;
			buildPhases = (
				0CB7DD7672F87C29056808AD /* [CP] Check Pods Manifest.lock */,
				E6D10E3524ADC8D2005422E1 /* Sources */,
				E6D10E3624ADC8D2005422E1 /* Frameworks */,
				E6D10E3724ADC8D2005422E1 /* Resources */,
			);
			buildRules = (
			);
			dependencies = (
				E6D10E3B24ADC8D2005422E1 /* PBXTargetDependency */,
			);
			name = "Leland Speech and Debate AppTests";
			productName = "Leland Speech and Debate AppTests";
			productReference = E6D10E3924ADC8D2005422E1 /* Leland Speech and Debate AppTests.xctest */;
			productType = "com.apple.product-type.bundle.unit-test";
		};
		E6D10E4324ADC8D2005422E1 /* Leland Speech and Debate AppUITests */ = {
			isa = PBXNativeTarget;
			buildConfigurationList = E6D10E5324ADC8D2005422E1 /* Build configuration list for PBXNativeTarget "Leland Speech and Debate AppUITests" */;
			buildPhases = (
				AD43146574DEEF842A3D52EE /* [CP] Check Pods Manifest.lock */,
				E6D10E4024ADC8D2005422E1 /* Sources */,
				E6D10E4124ADC8D2005422E1 /* Frameworks */,
				E6D10E4224ADC8D2005422E1 /* Resources */,
			);
			buildRules = (
			);
			dependencies = (
				E6D10E4624ADC8D2005422E1 /* PBXTargetDependency */,
			);
			name = "Leland Speech and Debate AppUITests";
			productName = "Leland Speech and Debate AppUITests";
			productReference = E6D10E4424ADC8D2005422E1 /* Leland Speech and Debate AppUITests.xctest */;
			productType = "com.apple.product-type.bundle.ui-testing";
		};
/* End PBXNativeTarget section */

/* Begin PBXProject section */
		E6D10E1824ADC8CF005422E1 /* Project object */ = {
			isa = PBXProject;
			attributes = {
				LastSwiftUpdateCheck = 1120;
				LastUpgradeCheck = 1120;
				ORGANIZATIONNAME = "Nikhil Chandra";
				TargetAttributes = {
					E6D10E1F24ADC8CF005422E1 = {
						CreatedOnToolsVersion = 11.2.1;
					};
					E6D10E3824ADC8D2005422E1 = {
						CreatedOnToolsVersion = 11.2.1;
						TestTargetID = E6D10E1F24ADC8CF005422E1;
					};
					E6D10E4324ADC8D2005422E1 = {
						CreatedOnToolsVersion = 11.2.1;
						TestTargetID = E6D10E1F24ADC8CF005422E1;
					};
				};
			};
			buildConfigurationList = E6D10E1B24ADC8CF005422E1 /* Build configuration list for PBXProject "Leland Speech and Debate App" */;
			compatibilityVersion = "Xcode 9.3";
			developmentRegion = en;
			hasScannedForEncodings = 0;
			knownRegions = (
				en,
				Base,
			);
			mainGroup = E6D10E1724ADC8CF005422E1;
			productRefGroup = E6D10E2124ADC8CF005422E1 /* Products */;
			projectDirPath = "";
			projectRoot = "";
			targets = (
				E6D10E1F24ADC8CF005422E1 /* Leland Speech and Debate App */,
				E6D10E3824ADC8D2005422E1 /* Leland Speech and Debate AppTests */,
				E6D10E4324ADC8D2005422E1 /* Leland Speech and Debate AppUITests */,
			);
		};
/* End PBXProject section */

/* Begin PBXResourcesBuildPhase section */
		E6D10E1E24ADC8CF005422E1 /* Resources */ = {
			isa = PBXResourcesBuildPhase;
			buildActionMask = 2147483647;
			files = (
				E681D55524B02EC500447BC5 /* Background for Tournaments.png in Resources */,
				E681D59724B02EC500447BC5 /* Sign Up a Judge.png in Resources */,
				E681D58E24B02EC500447BC5 /* Drop Down Meenu@3x.png in Resources */,
				E681D55B24B02EC500447BC5 /* Saint Francis Invitational.png in Resources */,
				E681D5C124B02EC500447BC5 /* Sign Up a Judge@2x.png in Resources */,
				E681D5B524B02EC500447BC5 /* Background for Tournaments@3x.png in Resources */,
				E681D53124B02EC500447BC5 /* Saint Francis Invitational Title.png in Resources */,
				E681D57324B02EC500447BC5 /* Logo@3x.png in Resources */,
				E681D56D24B02EC500447BC5 /* Tabroom.png in Resources */,
				E681D54324B02EC500447BC5 /* Tournament Info Label@3x.png in Resources */,
				E681D57C24B02EC500447BC5 /* Component 2 – 1.png in Resources */,
				E681D5A624B02EC500447BC5 /* Saint Francis Invitational@2x.png in Resources */,
				E681D52524B02EC500447BC5 /* Tournament button@2x.png in Resources */,
				E6D8997224B47449007CE0DA /* Sign up as a student.png in Resources */,
				E681D52E24B02EC500447BC5 /* Drop Down Meenu.png in Resources */,
				E681D56A24B02EC500447BC5 /* Second Menu Button@2x.png in Resources */,
				E681D58824B02EC500447BC5 /* Second Menu Button@3x.png in Resources */,
				E681D53424B02EC500447BC5 /* #1 Team in the nation.png in Resources */,
				E681D51F24B02EC500447BC5 /* Our Mission.png in Resources */,
				E681D56124B02EC500447BC5 /* First Menu Button.png in Resources */,
				E6D10E3324ADC8D2005422E1 /* LaunchScreen.storyboard in Resources */,
				E681D57024B02EC500447BC5 /* First Menu Button@3x.png in Resources */,
				E681D59D24B02EC500447BC5 /* Background for Tournaments@2x.png in Resources */,
				E681D58224B02EC500447BC5 /* First Menu Button@2x.png in Resources */,
				E681D54024B02EC500447BC5 /* Our Mission@3x.png in Resources */,
				E6D10E3024ADC8D2005422E1 /* Assets.xcassets in Resources */,
				E681D52B24B02EC500447BC5 /* Component 2 – 1@3x.png in Resources */,
				E681D54624B02EC500447BC5 /* Events.png in Resources */,
				E681D57624B02EC500447BC5 /* Tournament Info Label.png in Resources */,
				E681D57924B02EC500447BC5 /* Logo.png in Resources */,
				E681D5C524B0720200447BC5 /* GoogleService-Info.plist in Resources */,
				E681D5B224B02EC500447BC5 /* Tabroom@3x.png in Resources */,
				E681D5A924B02EC500447BC5 /* Information Button@2x.png in Resources */,
				E681D5A024B02EC500447BC5 /* Tabroom@2x.png in Resources */,
				E681D5AC24B02EC500447BC5 /* Saint Francis Invitational@3x.png in Resources */,
				E681D52224B02EC500447BC5 /* Component 2 – 1@2x.png in Resources */,
				E681D54924B02EC500447BC5 /* Tournament Info Label@2x.png in Resources */,
				E681D55824B02EC500447BC5 /* Tournament button.png in Resources */,
				E681D54C24B02EC500447BC5 /* Our Mission@2x.png in Resources */,
				E6D10E2B24ADC8CF005422E1 /* Main.storyboard in Resources */,
				E681D58B24B02EC500447BC5 /* Back Button@3x.png in Resources */,
				E681D5AF24B02EC500447BC5 /* Information Button@3x.png in Resources */,
				E681D5B824B02EC500447BC5 /* Second Menu Button.png in Resources */,
				E681D59124B02EC500447BC5 /* Sign Up a Judge@3x.png in Resources */,
				E681D5A324B02EC500447BC5 /* Back Button.png in Resources */,
				E681D56424B02EC500447BC5 /* Back Button@2x.png in Resources */,
				E681D5BE24B02EC500447BC5 /* Drop Down Meenu@2x.png in Resources */,
				E681D56724B02EC500447BC5 /* Saint Francis Invitational Title@2x.png in Resources */,
				E681D58524B02EC500447BC5 /* Saint Francis Invitational Title@3x.png in Resources */,
				E681D52824B02EC500447BC5 /* Tournament button@3x.png in Resources */,
				E681D53A24B02EC500447BC5 /* Information Button.png in Resources */,
				E681D57F24B02EC500447BC5 /* Logo@2x.png in Resources */,
			);
			runOnlyForDeploymentPostprocessing = 0;
		};
		E6D10E3724ADC8D2005422E1 /* Resources */ = {
			isa = PBXResourcesBuildPhase;
			buildActionMask = 2147483647;
			files = (
				E681D53224B02EC500447BC5 /* Saint Francis Invitational Title.png in Resources */,
				E681D58024B02EC500447BC5 /* Logo@2x.png in Resources */,
				E681D5B624B02EC500447BC5 /* Background for Tournaments@3x.png in Resources */,
				E681D56524B02EC500447BC5 /* Back Button@2x.png in Resources */,
				E681D52F24B02EC500447BC5 /* Drop Down Meenu.png in Resources */,
				E681D5A124B02EC500447BC5 /* Tabroom@2x.png in Resources */,
				E681D54A24B02EC500447BC5 /* Tournament Info Label@2x.png in Resources */,
				E681D57424B02EC500447BC5 /* Logo@3x.png in Resources */,
				E681D52024B02EC500447BC5 /* Our Mission.png in Resources */,
				E681D5AA24B02EC500447BC5 /* Information Button@2x.png in Resources */,
				E681D59E24B02EC500447BC5 /* Background for Tournaments@2x.png in Resources */,
				E681D55C24B02EC500447BC5 /* Saint Francis Invitational.png in Resources */,
				E681D54724B02EC500447BC5 /* Events.png in Resources */,
				E681D58324B02EC500447BC5 /* First Menu Button@2x.png in Resources */,
				E681D56B24B02EC500447BC5 /* Second Menu Button@2x.png in Resources */,
				E681D54424B02EC500447BC5 /* Tournament Info Label@3x.png in Resources */,
				E681D57124B02EC500447BC5 /* First Menu Button@3x.png in Resources */,
				E681D57A24B02EC500447BC5 /* Logo.png in Resources */,
				E681D56E24B02EC500447BC5 /* Tabroom.png in Resources */,
				E681D59824B02EC500447BC5 /* Sign Up a Judge.png in Resources */,
				E681D54D24B02EC500447BC5 /* Our Mission@2x.png in Resources */,
				E681D52324B02EC500447BC5 /* Component 2 – 1@2x.png in Resources */,
				E681D53B24B02EC500447BC5 /* Information Button.png in Resources */,
				E681D5B024B02EC500447BC5 /* Information Button@3x.png in Resources */,
				E681D5C224B02EC500447BC5 /* Sign Up a Judge@2x.png in Resources */,
				E681D52624B02EC500447BC5 /* Tournament button@2x.png in Resources */,
				E681D55924B02EC500447BC5 /* Tournament button.png in Resources */,
				E681D55324B02EC500447BC5 /* GoogleService-Info.plist in Resources */,
				E681D5B924B02EC500447BC5 /* Second Menu Button.png in Resources */,
				E681D58624B02EC500447BC5 /* Saint Francis Invitational Title@3x.png in Resources */,
				E681D58C24B02EC500447BC5 /* Back Button@3x.png in Resources */,
				E681D52924B02EC500447BC5 /* Tournament button@3x.png in Resources */,
				E681D58924B02EC500447BC5 /* Second Menu Button@3x.png in Resources */,
				E681D57D24B02EC500447BC5 /* Component 2 – 1.png in Resources */,
				E681D5A724B02EC500447BC5 /* Saint Francis Invitational@2x.png in Resources */,
				E681D53524B02EC500447BC5 /* #1 Team in the nation.png in Resources */,
				E681D56224B02EC500447BC5 /* First Menu Button.png in Resources */,
				E681D58F24B02EC500447BC5 /* Drop Down Meenu@3x.png in Resources */,
				E681D5C624B0720200447BC5 /* GoogleService-Info.plist in Resources */,
				E6D8997324B47449007CE0DA /* Sign up as a student.png in Resources */,
				E681D5A424B02EC500447BC5 /* Back Button.png in Resources */,
				E681D55624B02EC500447BC5 /* Background for Tournaments.png in Resources */,
				E681D59224B02EC500447BC5 /* Sign Up a Judge@3x.png in Resources */,
				E681D52C24B02EC500447BC5 /* Component 2 – 1@3x.png in Resources */,
				E681D5BF24B02EC500447BC5 /* Drop Down Meenu@2x.png in Resources */,
				E681D54124B02EC500447BC5 /* Our Mission@3x.png in Resources */,
				E681D5B324B02EC500447BC5 /* Tabroom@3x.png in Resources */,
				E681D56824B02EC500447BC5 /* Saint Francis Invitational Title@2x.png in Resources */,
				E681D57724B02EC500447BC5 /* Tournament Info Label.png in Resources */,
				E681D5AD24B02EC500447BC5 /* Saint Francis Invitational@3x.png in Resources */,
			);
			runOnlyForDeploymentPostprocessing = 0;
		};
		E6D10E4224ADC8D2005422E1 /* Resources */ = {
			isa = PBXResourcesBuildPhase;
			buildActionMask = 2147483647;
			files = (
				E681D53324B02EC500447BC5 /* Saint Francis Invitational Title.png in Resources */,
				E681D58124B02EC500447BC5 /* Logo@2x.png in Resources */,
				E681D5B724B02EC500447BC5 /* Background for Tournaments@3x.png in Resources */,
				E681D56624B02EC500447BC5 /* Back Button@2x.png in Resources */,
				E681D53024B02EC500447BC5 /* Drop Down Meenu.png in Resources */,
				E681D5A224B02EC500447BC5 /* Tabroom@2x.png in Resources */,
				E681D54B24B02EC500447BC5 /* Tournament Info Label@2x.png in Resources */,
				E681D57524B02EC500447BC5 /* Logo@3x.png in Resources */,
				E681D52124B02EC500447BC5 /* Our Mission.png in Resources */,
				E681D5AB24B02EC500447BC5 /* Information Button@2x.png in Resources */,
				E681D59F24B02EC500447BC5 /* Background for Tournaments@2x.png in Resources */,
				E681D55D24B02EC500447BC5 /* Saint Francis Invitational.png in Resources */,
				E681D54824B02EC500447BC5 /* Events.png in Resources */,
				E681D58424B02EC500447BC5 /* First Menu Button@2x.png in Resources */,
				E681D56C24B02EC500447BC5 /* Second Menu Button@2x.png in Resources */,
				E681D54524B02EC500447BC5 /* Tournament Info Label@3x.png in Resources */,
				E681D57224B02EC500447BC5 /* First Menu Button@3x.png in Resources */,
				E681D57B24B02EC500447BC5 /* Logo.png in Resources */,
				E681D56F24B02EC500447BC5 /* Tabroom.png in Resources */,
				E681D59924B02EC500447BC5 /* Sign Up a Judge.png in Resources */,
				E681D54E24B02EC500447BC5 /* Our Mission@2x.png in Resources */,
				E681D52424B02EC500447BC5 /* Component 2 – 1@2x.png in Resources */,
				E681D53C24B02EC500447BC5 /* Information Button.png in Resources */,
				E681D5B124B02EC500447BC5 /* Information Button@3x.png in Resources */,
				E681D5C324B02EC500447BC5 /* Sign Up a Judge@2x.png in Resources */,
				E681D52724B02EC500447BC5 /* Tournament button@2x.png in Resources */,
				E681D55A24B02EC500447BC5 /* Tournament button.png in Resources */,
				E681D55424B02EC500447BC5 /* GoogleService-Info.plist in Resources */,
				E681D5BA24B02EC500447BC5 /* Second Menu Button.png in Resources */,
				E681D58724B02EC500447BC5 /* Saint Francis Invitational Title@3x.png in Resources */,
				E681D58D24B02EC500447BC5 /* Back Button@3x.png in Resources */,
				E681D52A24B02EC500447BC5 /* Tournament button@3x.png in Resources */,
				E681D58A24B02EC500447BC5 /* Second Menu Button@3x.png in Resources */,
				E681D57E24B02EC500447BC5 /* Component 2 – 1.png in Resources */,
				E681D5A824B02EC500447BC5 /* Saint Francis Invitational@2x.png in Resources */,
				E681D53624B02EC500447BC5 /* #1 Team in the nation.png in Resources */,
				E681D56324B02EC500447BC5 /* First Menu Button.png in Resources */,
				E681D59024B02EC500447BC5 /* Drop Down Meenu@3x.png in Resources */,
				E681D5C724B0720200447BC5 /* GoogleService-Info.plist in Resources */,
				E6D8997424B47449007CE0DA /* Sign up as a student.png in Resources */,
				E681D5A524B02EC500447BC5 /* Back Button.png in Resources */,
				E681D55724B02EC500447BC5 /* Background for Tournaments.png in Resources */,
				E681D59324B02EC500447BC5 /* Sign Up a Judge@3x.png in Resources */,
				E681D52D24B02EC500447BC5 /* Component 2 – 1@3x.png in Resources */,
				E681D5C024B02EC500447BC5 /* Drop Down Meenu@2x.png in Resources */,
				E681D54224B02EC500447BC5 /* Our Mission@3x.png in Resources */,
				E681D5B424B02EC500447BC5 /* Tabroom@3x.png in Resources */,
				E681D56924B02EC500447BC5 /* Saint Francis Invitational Title@2x.png in Resources */,
				E681D57824B02EC500447BC5 /* Tournament Info Label.png in Resources */,
				E681D5AE24B02EC500447BC5 /* Saint Francis Invitational@3x.png in Resources */,
			);
			runOnlyForDeploymentPostprocessing = 0;
		};
/* End PBXResourcesBuildPhase section */

/* Begin PBXShellScriptBuildPhase section */
		0CB7DD7672F87C29056808AD /* [CP] Check Pods Manifest.lock */ = {
			isa = PBXShellScriptBuildPhase;
			buildActionMask = 2147483647;
			files = (
			);
			inputFileListPaths = (
			);
			inputPaths = (
				"${PODS_PODFILE_DIR_PATH}/Podfile.lock",
				"${PODS_ROOT}/Manifest.lock",
			);
			name = "[CP] Check Pods Manifest.lock";
			outputFileListPaths = (
			);
			outputPaths = (
				"$(DERIVED_FILE_DIR)/Pods-Leland Speech and Debate AppTests-checkManifestLockResult.txt",
			);
			runOnlyForDeploymentPostprocessing = 0;
			shellPath = /bin/sh;
			shellScript = "diff \"${PODS_PODFILE_DIR_PATH}/Podfile.lock\" \"${PODS_ROOT}/Manifest.lock\" > /dev/null\nif [ $? != 0 ] ; then\n    # print error to STDERR\n    echo \"error: The sandbox is not in sync with the Podfile.lock. Run 'pod install' or update your CocoaPods installation.\" >&2\n    exit 1\nfi\n# This output is used by Xcode 'outputs' to avoid re-running this script phase.\necho \"SUCCESS\" > \"${SCRIPT_OUTPUT_FILE_0}\"\n";
			showEnvVarsInLog = 0;
		};
		440510C96C698FC9354D5239 /* [CP] Check Pods Manifest.lock */ = {
			isa = PBXShellScriptBuildPhase;
			buildActionMask = 2147483647;
			files = (
			);
			inputFileListPaths = (
			);
			inputPaths = (
				"${PODS_PODFILE_DIR_PATH}/Podfile.lock",
				"${PODS_ROOT}/Manifest.lock",
			);
			name = "[CP] Check Pods Manifest.lock";
			outputFileListPaths = (
			);
			outputPaths = (
				"$(DERIVED_FILE_DIR)/Pods-Leland Speech and Debate App-checkManifestLockResult.txt",
			);
			runOnlyForDeploymentPostprocessing = 0;
			shellPath = /bin/sh;
			shellScript = "diff \"${PODS_PODFILE_DIR_PATH}/Podfile.lock\" \"${PODS_ROOT}/Manifest.lock\" > /dev/null\nif [ $? != 0 ] ; then\n    # print error to STDERR\n    echo \"error: The sandbox is not in sync with the Podfile.lock. Run 'pod install' or update your CocoaPods installation.\" >&2\n    exit 1\nfi\n# This output is used by Xcode 'outputs' to avoid re-running this script phase.\necho \"SUCCESS\" > \"${SCRIPT_OUTPUT_FILE_0}\"\n";
			showEnvVarsInLog = 0;
		};
		8AAECCD7D72211DC6A1034D6 /* [CP] Embed Pods Frameworks */ = {
			isa = PBXShellScriptBuildPhase;
			buildActionMask = 2147483647;
			files = (
			);
			inputFileListPaths = (
				"${PODS_ROOT}/Target Support Files/Pods-Leland Speech and Debate App/Pods-Leland Speech and Debate App-frameworks-${CONFIGURATION}-input-files.xcfilelist",
			);
			name = "[CP] Embed Pods Frameworks";
			outputFileListPaths = (
				"${PODS_ROOT}/Target Support Files/Pods-Leland Speech and Debate App/Pods-Leland Speech and Debate App-frameworks-${CONFIGURATION}-output-files.xcfilelist",
			);
			runOnlyForDeploymentPostprocessing = 0;
			shellPath = /bin/sh;
			shellScript = "\"${PODS_ROOT}/Target Support Files/Pods-Leland Speech and Debate App/Pods-Leland Speech and Debate App-frameworks.sh\"\n";
			showEnvVarsInLog = 0;
		};
		AD43146574DEEF842A3D52EE /* [CP] Check Pods Manifest.lock */ = {
			isa = PBXShellScriptBuildPhase;
			buildActionMask = 2147483647;
			files = (
			);
			inputFileListPaths = (
			);
			inputPaths = (
				"${PODS_PODFILE_DIR_PATH}/Podfile.lock",
				"${PODS_ROOT}/Manifest.lock",
			);
			name = "[CP] Check Pods Manifest.lock";
			outputFileListPaths = (
			);
			outputPaths = (
				"$(DERIVED_FILE_DIR)/Pods-Leland Speech and Debate AppUITests-checkManifestLockResult.txt",
			);
			runOnlyForDeploymentPostprocessing = 0;
			shellPath = /bin/sh;
			shellScript = "diff \"${PODS_PODFILE_DIR_PATH}/Podfile.lock\" \"${PODS_ROOT}/Manifest.lock\" > /dev/null\nif [ $? != 0 ] ; then\n    # print error to STDERR\n    echo \"error: The sandbox is not in sync with the Podfile.lock. Run 'pod install' or update your CocoaPods installation.\" >&2\n    exit 1\nfi\n# This output is used by Xcode 'outputs' to avoid re-running this script phase.\necho \"SUCCESS\" > \"${SCRIPT_OUTPUT_FILE_0}\"\n";
			showEnvVarsInLog = 0;
		};
/* End PBXShellScriptBuildPhase section */

/* Begin PBXSourcesBuildPhase section */
		E6D10E1C24ADC8CF005422E1 /* Sources */ = {
			isa = PBXSourcesBuildPhase;
			buildActionMask = 2147483647;
			files = (
				E6D10E2824ADC8CF005422E1 /* ViewController.swift in Sources */,
				E62703BA24B277B400834D52 /* ScrollCollectionViewCell.swift in Sources */,
				E6D10E2424ADC8CF005422E1 /* AppDelegate.swift in Sources */,
				E681D4BC24AFD9A200447BC5 /* OurMissionPageController.swift in Sources */,
				E681D5C924B07AFB00447BC5 /* TournamentInfoViewController.swift in Sources */,
				E6CFBA4924B3E82D00FF856A /* webPageViewController.swift in Sources */,
				E6D10E2E24ADC8CF005422E1 /* Leland_Speech_and_Debate_App.xcdatamodeld in Sources */,
				E6D10E2624ADC8CF005422E1 /* SceneDelegate.swift in Sources */,
				E6389F6524B1C7A7006ADDD4 /* scrollCollectionViewController.swift in Sources */,
			);
			runOnlyForDeploymentPostprocessing = 0;
		};
		E6D10E3524ADC8D2005422E1 /* Sources */ = {
			isa = PBXSourcesBuildPhase;
			buildActionMask = 2147483647;
			files = (
				E681D5CA24B07AFB00447BC5 /* TournamentInfoViewController.swift in Sources */,
				E681D4BD24AFD9A200447BC5 /* OurMissionPageController.swift in Sources */,
				E6D10E3E24ADC8D2005422E1 /* Leland_Speech_and_Debate_AppTests.swift in Sources */,
				E62703BB24B277B400834D52 /* ScrollCollectionViewCell.swift in Sources */,
			);
			runOnlyForDeploymentPostprocessing = 0;
		};
		E6D10E4024ADC8D2005422E1 /* Sources */ = {
			isa = PBXSourcesBuildPhase;
			buildActionMask = 2147483647;
			files = (
				E681D5CB24B07AFB00447BC5 /* TournamentInfoViewController.swift in Sources */,
				E681D4BE24AFD9A200447BC5 /* OurMissionPageController.swift in Sources */,
				E6D10E4924ADC8D2005422E1 /* Leland_Speech_and_Debate_AppUITests.swift in Sources */,
				E62703BC24B277B400834D52 /* ScrollCollectionViewCell.swift in Sources */,
			);
			runOnlyForDeploymentPostprocessing = 0;
		};
/* End PBXSourcesBuildPhase section */

/* Begin PBXTargetDependency section */
		E6D10E3B24ADC8D2005422E1 /* PBXTargetDependency */ = {
			isa = PBXTargetDependency;
			target = E6D10E1F24ADC8CF005422E1 /* Leland Speech and Debate App */;
			targetProxy = E6D10E3A24ADC8D2005422E1 /* PBXContainerItemProxy */;
		};
		E6D10E4624ADC8D2005422E1 /* PBXTargetDependency */ = {
			isa = PBXTargetDependency;
			target = E6D10E1F24ADC8CF005422E1 /* Leland Speech and Debate App */;
			targetProxy = E6D10E4524ADC8D2005422E1 /* PBXContainerItemProxy */;
		};
/* End PBXTargetDependency section */

/* Begin PBXVariantGroup section */
		E6D10E2924ADC8CF005422E1 /* Main.storyboard */ = {
			isa = PBXVariantGroup;
			children = (
				E6D10E2A24ADC8CF005422E1 /* Base */,
			);
			name = Main.storyboard;
			sourceTree = "<group>";
		};
		E6D10E3124ADC8D2005422E1 /* LaunchScreen.storyboard */ = {
			isa = PBXVariantGroup;
			children = (
				E6D10E3224ADC8D2005422E1 /* Base */,
			);
			name = LaunchScreen.storyboard;
			sourceTree = "<group>";
		};
/* End PBXVariantGroup section */

/* Begin XCBuildConfiguration section */
		E6D10E4B24ADC8D2005422E1 /* Debug */ = {
			isa = XCBuildConfiguration;
			buildSettings = {
				ALWAYS_SEARCH_USER_PATHS = NO;
				CLANG_ANALYZER_NONNULL = YES;
				CLANG_ANALYZER_NUMBER_OBJECT_CONVERSION = YES_AGGRESSIVE;
				CLANG_CXX_LANGUAGE_STANDARD = "gnu++14";
				CLANG_CXX_LIBRARY = "libc++";
				CLANG_ENABLE_MODULES = YES;
				CLANG_ENABLE_OBJC_ARC = YES;
				CLANG_ENABLE_OBJC_WEAK = YES;
				CLANG_WARN_BLOCK_CAPTURE_AUTORELEASING = YES;
				CLANG_WARN_BOOL_CONVERSION = YES;
				CLANG_WARN_COMMA = YES;
				CLANG_WARN_CONSTANT_CONVERSION = YES;
				CLANG_WARN_DEPRECATED_OBJC_IMPLEMENTATIONS = YES;
				CLANG_WARN_DIRECT_OBJC_ISA_USAGE = YES_ERROR;
				CLANG_WARN_DOCUMENTATION_COMMENTS = YES;
				CLANG_WARN_EMPTY_BODY = YES;
				CLANG_WARN_ENUM_CONVERSION = YES;
				CLANG_WARN_INFINITE_RECURSION = YES;
				CLANG_WARN_INT_CONVERSION = YES;
				CLANG_WARN_NON_LITERAL_NULL_CONVERSION = YES;
				CLANG_WARN_OBJC_IMPLICIT_RETAIN_SELF = YES;
				CLANG_WARN_OBJC_LITERAL_CONVERSION = YES;
				CLANG_WARN_OBJC_ROOT_CLASS = YES_ERROR;
				CLANG_WARN_RANGE_LOOP_ANALYSIS = YES;
				CLANG_WARN_STRICT_PROTOTYPES = YES;
				CLANG_WARN_SUSPICIOUS_MOVE = YES;
				CLANG_WARN_UNGUARDED_AVAILABILITY = YES_AGGRESSIVE;
				CLANG_WARN_UNREACHABLE_CODE = YES;
				CLANG_WARN__DUPLICATE_METHOD_MATCH = YES;
				COPY_PHASE_STRIP = NO;
				DEBUG_INFORMATION_FORMAT = dwarf;
				ENABLE_STRICT_OBJC_MSGSEND = YES;
				ENABLE_TESTABILITY = YES;
				GCC_C_LANGUAGE_STANDARD = gnu11;
				GCC_DYNAMIC_NO_PIC = NO;
				GCC_NO_COMMON_BLOCKS = YES;
				GCC_OPTIMIZATION_LEVEL = 0;
				GCC_PREPROCESSOR_DEFINITIONS = (
					"DEBUG=1",
					"$(inherited)",
				);
				GCC_WARN_64_TO_32_BIT_CONVERSION = YES;
				GCC_WARN_ABOUT_RETURN_TYPE = YES_ERROR;
				GCC_WARN_UNDECLARED_SELECTOR = YES;
				GCC_WARN_UNINITIALIZED_AUTOS = YES_AGGRESSIVE;
				GCC_WARN_UNUSED_FUNCTION = YES;
				GCC_WARN_UNUSED_VARIABLE = YES;
				IPHONEOS_DEPLOYMENT_TARGET = 13.2;
				MTL_ENABLE_DEBUG_INFO = INCLUDE_SOURCE;
				MTL_FAST_MATH = YES;
				ONLY_ACTIVE_ARCH = YES;
				SDKROOT = iphoneos;
				SWIFT_ACTIVE_COMPILATION_CONDITIONS = DEBUG;
				SWIFT_OPTIMIZATION_LEVEL = "-Onone";
			};
			name = Debug;
		};
		E6D10E4C24ADC8D2005422E1 /* Release */ = {
			isa = XCBuildConfiguration;
			buildSettings = {
				ALWAYS_SEARCH_USER_PATHS = NO;
				CLANG_ANALYZER_NONNULL = YES;
				CLANG_ANALYZER_NUMBER_OBJECT_CONVERSION = YES_AGGRESSIVE;
				CLANG_CXX_LANGUAGE_STANDARD = "gnu++14";
				CLANG_CXX_LIBRARY = "libc++";
				CLANG_ENABLE_MODULES = YES;
				CLANG_ENABLE_OBJC_ARC = YES;
				CLANG_ENABLE_OBJC_WEAK = YES;
				CLANG_WARN_BLOCK_CAPTURE_AUTORELEASING = YES;
				CLANG_WARN_BOOL_CONVERSION = YES;
				CLANG_WARN_COMMA = YES;
				CLANG_WARN_CONSTANT_CONVERSION = YES;
				CLANG_WARN_DEPRECATED_OBJC_IMPLEMENTATIONS = YES;
				CLANG_WARN_DIRECT_OBJC_ISA_USAGE = YES_ERROR;
				CLANG_WARN_DOCUMENTATION_COMMENTS = YES;
				CLANG_WARN_EMPTY_BODY = YES;
				CLANG_WARN_ENUM_CONVERSION = YES;
				CLANG_WARN_INFINITE_RECURSION = YES;
				CLANG_WARN_INT_CONVERSION = YES;
				CLANG_WARN_NON_LITERAL_NULL_CONVERSION = YES;
				CLANG_WARN_OBJC_IMPLICIT_RETAIN_SELF = YES;
				CLANG_WARN_OBJC_LITERAL_CONVERSION = YES;
				CLANG_WARN_OBJC_ROOT_CLASS = YES_ERROR;
				CLANG_WARN_RANGE_LOOP_ANALYSIS = YES;
				CLANG_WARN_STRICT_PROTOTYPES = YES;
				CLANG_WARN_SUSPICIOUS_MOVE = YES;
				CLANG_WARN_UNGUARDED_AVAILABILITY = YES_AGGRESSIVE;
				CLANG_WARN_UNREACHABLE_CODE = YES;
				CLANG_WARN__DUPLICATE_METHOD_MATCH = YES;
				COPY_PHASE_STRIP = NO;
				DEBUG_INFORMATION_FORMAT = "dwarf-with-dsym";
				ENABLE_NS_ASSERTIONS = NO;
				ENABLE_STRICT_OBJC_MSGSEND = YES;
				GCC_C_LANGUAGE_STANDARD = gnu11;
				GCC_NO_COMMON_BLOCKS = YES;
				GCC_WARN_64_TO_32_BIT_CONVERSION = YES;
				GCC_WARN_ABOUT_RETURN_TYPE = YES_ERROR;
				GCC_WARN_UNDECLARED_SELECTOR = YES;
				GCC_WARN_UNINITIALIZED_AUTOS = YES_AGGRESSIVE;
				GCC_WARN_UNUSED_FUNCTION = YES;
				GCC_WARN_UNUSED_VARIABLE = YES;
				IPHONEOS_DEPLOYMENT_TARGET = 13.2;
				MTL_ENABLE_DEBUG_INFO = NO;
				MTL_FAST_MATH = YES;
				SDKROOT = iphoneos;
				SWIFT_COMPILATION_MODE = wholemodule;
				SWIFT_OPTIMIZATION_LEVEL = "-O";
				VALIDATE_PRODUCT = YES;
			};
			name = Release;
		};
		E6D10E4E24ADC8D2005422E1 /* Debug */ = {
			isa = XCBuildConfiguration;
			baseConfigurationReference = 0BFCC76A976790A434094692 /* Pods-Leland Speech and Debate App.debug.xcconfig */;
			buildSettings = {
				ASSETCATALOG_COMPILER_APPICON_NAME = AppIcon;
				CODE_SIGN_STYLE = Automatic;
				DEVELOPMENT_TEAM = 37D8KH3EG9;
				INFOPLIST_FILE = "Leland Speech and Debate App/Info.plist";
				LD_RUNPATH_SEARCH_PATHS = (
					"$(inherited)",
					"@executable_path/Frameworks",
				);
				PRODUCT_BUNDLE_IDENTIFIER = "com.test.com.Leland-Speech-and-Debate-App";
				PRODUCT_NAME = "$(TARGET_NAME)";
				SWIFT_VERSION = 5.0;
				TARGETED_DEVICE_FAMILY = "1,2";
			};
			name = Debug;
		};
		E6D10E4F24ADC8D2005422E1 /* Release */ = {
			isa = XCBuildConfiguration;
			baseConfigurationReference = 1DE049B30994250DE67DC725 /* Pods-Leland Speech and Debate App.release.xcconfig */;
			buildSettings = {
				ASSETCATALOG_COMPILER_APPICON_NAME = AppIcon;
				CODE_SIGN_STYLE = Automatic;
				DEVELOPMENT_TEAM = 37D8KH3EG9;
				INFOPLIST_FILE = "Leland Speech and Debate App/Info.plist";
				LD_RUNPATH_SEARCH_PATHS = (
					"$(inherited)",
					"@executable_path/Frameworks",
				);
				PRODUCT_BUNDLE_IDENTIFIER = "com.test.com.Leland-Speech-and-Debate-App";
				PRODUCT_NAME = "$(TARGET_NAME)";
				SWIFT_VERSION = 5.0;
				TARGETED_DEVICE_FAMILY = "1,2";
			};
			name = Release;
		};
		E6D10E5124ADC8D2005422E1 /* Debug */ = {
			isa = XCBuildConfiguration;
			baseConfigurationReference = 0D4F615FE3E176BBBCC49B66 /* Pods-Leland Speech and Debate AppTests.debug.xcconfig */;
			buildSettings = {
				ALWAYS_EMBED_SWIFT_STANDARD_LIBRARIES = YES;
				BUNDLE_LOADER = "$(TEST_HOST)";
				CODE_SIGN_STYLE = Automatic;
				DEVELOPMENT_TEAM = 37D8KH3EG9;
				INFOPLIST_FILE = "Leland Speech and Debate AppTests/Info.plist";
				IPHONEOS_DEPLOYMENT_TARGET = 13.2;
				LD_RUNPATH_SEARCH_PATHS = (
					"$(inherited)",
					"@executable_path/Frameworks",
					"@loader_path/Frameworks",
				);
				PRODUCT_BUNDLE_IDENTIFIER = "com.test.com.Leland-Speech-and-Debate-AppTests";
				PRODUCT_NAME = "$(TARGET_NAME)";
				SWIFT_VERSION = 5.0;
				TARGETED_DEVICE_FAMILY = "1,2";
				TEST_HOST = "$(BUILT_PRODUCTS_DIR)/Leland Speech and Debate App.app/Leland Speech and Debate App";
			};
			name = Debug;
		};
		E6D10E5224ADC8D2005422E1 /* Release */ = {
			isa = XCBuildConfiguration;
			baseConfigurationReference = 657F92FA10A5FC3430EE0CBF /* Pods-Leland Speech and Debate AppTests.release.xcconfig */;
			buildSettings = {
				ALWAYS_EMBED_SWIFT_STANDARD_LIBRARIES = YES;
				BUNDLE_LOADER = "$(TEST_HOST)";
				CODE_SIGN_STYLE = Automatic;
				DEVELOPMENT_TEAM = 37D8KH3EG9;
				INFOPLIST_FILE = "Leland Speech and Debate AppTests/Info.plist";
				IPHONEOS_DEPLOYMENT_TARGET = 13.2;
				LD_RUNPATH_SEARCH_PATHS = (
					"$(inherited)",
					"@executable_path/Frameworks",
					"@loader_path/Frameworks",
				);
				PRODUCT_BUNDLE_IDENTIFIER = "com.test.com.Leland-Speech-and-Debate-AppTests";
				PRODUCT_NAME = "$(TARGET_NAME)";
				SWIFT_VERSION = 5.0;
				TARGETED_DEVICE_FAMILY = "1,2";
				TEST_HOST = "$(BUILT_PRODUCTS_DIR)/Leland Speech and Debate App.app/Leland Speech and Debate App";
			};
			name = Release;
		};
		E6D10E5424ADC8D2005422E1 /* Debug */ = {
			isa = XCBuildConfiguration;
			baseConfigurationReference = B39F495E22F465BC6E0C96C3 /* Pods-Leland Speech and Debate AppUITests.debug.xcconfig */;
			buildSettings = {
				ALWAYS_EMBED_SWIFT_STANDARD_LIBRARIES = YES;
				CODE_SIGN_STYLE = Automatic;
				DEVELOPMENT_TEAM = 37D8KH3EG9;
				INFOPLIST_FILE = "Leland Speech and Debate AppUITests/Info.plist";
				LD_RUNPATH_SEARCH_PATHS = (
					"$(inherited)",
					"@executable_path/Frameworks",
					"@loader_path/Frameworks",
				);
				PRODUCT_BUNDLE_IDENTIFIER = "com.test.com.Leland-Speech-and-Debate-AppUITests";
				PRODUCT_NAME = "$(TARGET_NAME)";
				SWIFT_VERSION = 5.0;
				TARGETED_DEVICE_FAMILY = "1,2";
				TEST_TARGET_NAME = "Leland Speech and Debate App";
			};
			name = Debug;
		};
		E6D10E5524ADC8D2005422E1 /* Release */ = {
			isa = XCBuildConfiguration;
			baseConfigurationReference = E957D9BE0A29AC34D36E4BEA /* Pods-Leland Speech and Debate AppUITests.release.xcconfig */;
			buildSettings = {
				ALWAYS_EMBED_SWIFT_STANDARD_LIBRARIES = YES;
				CODE_SIGN_STYLE = Automatic;
				DEVELOPMENT_TEAM = 37D8KH3EG9;
				INFOPLIST_FILE = "Leland Speech and Debate AppUITests/Info.plist";
				LD_RUNPATH_SEARCH_PATHS = (
					"$(inherited)",
					"@executable_path/Frameworks",
					"@loader_path/Frameworks",
				);
				PRODUCT_BUNDLE_IDENTIFIER = "com.test.com.Leland-Speech-and-Debate-AppUITests";
				PRODUCT_NAME = "$(TARGET_NAME)";
				SWIFT_VERSION = 5.0;
				TARGETED_DEVICE_FAMILY = "1,2";
				TEST_TARGET_NAME = "Leland Speech and Debate App";
			};
			name = Release;
		};
/* End XCBuildConfiguration section */

/* Begin XCConfigurationList section */
		E6D10E1B24ADC8CF005422E1 /* Build configuration list for PBXProject "Leland Speech and Debate App" */ = {
			isa = XCConfigurationList;
			buildConfigurations = (
				E6D10E4B24ADC8D2005422E1 /* Debug */,
				E6D10E4C24ADC8D2005422E1 /* Release */,
			);
			defaultConfigurationIsVisible = 0;
			defaultConfigurationName = Release;
		};
		E6D10E4D24ADC8D2005422E1 /* Build configuration list for PBXNativeTarget "Leland Speech and Debate App" */ = {
			isa = XCConfigurationList;
			buildConfigurations = (
				E6D10E4E24ADC8D2005422E1 /* Debug */,
				E6D10E4F24ADC8D2005422E1 /* Release */,
			);
			defaultConfigurationIsVisible = 0;
			defaultConfigurationName = Release;
		};
		E6D10E5024ADC8D2005422E1 /* Build configuration list for PBXNativeTarget "Leland Speech and Debate AppTests" */ = {
			isa = XCConfigurationList;
			buildConfigurations = (
				E6D10E5124ADC8D2005422E1 /* Debug */,
				E6D10E5224ADC8D2005422E1 /* Release */,
			);
			defaultConfigurationIsVisible = 0;
			defaultConfigurationName = Release;
		};
		E6D10E5324ADC8D2005422E1 /* Build configuration list for PBXNativeTarget "Leland Speech and Debate AppUITests" */ = {
			isa = XCConfigurationList;
			buildConfigurations = (
				E6D10E5424ADC8D2005422E1 /* Debug */,
				E6D10E5524ADC8D2005422E1 /* Release */,
			);
			defaultConfigurationIsVisible = 0;
			defaultConfigurationName = Release;
		};
/* End XCConfigurationList section */

/* Begin XCVersionGroup section */
		E6D10E2C24ADC8CF005422E1 /* Leland_Speech_and_Debate_App.xcdatamodeld */ = {
			isa = XCVersionGroup;
			children = (
				E6D10E2D24ADC8CF005422E1 /* Leland_Speech_and_Debate_App.xcdatamodel */,
			);
			currentVersion = E6D10E2D24ADC8CF005422E1 /* Leland_Speech_and_Debate_App.xcdatamodel */;
			path = Leland_Speech_and_Debate_App.xcdatamodeld;
			sourceTree = "<group>";
			versionGroupType = wrapper.xcdatamodel;
		};
/* End XCVersionGroup section */
	};
	rootObject = E6D10E1824ADC8CF005422E1 /* Project object */;
}
